// !$*UTF8*$!
{
	archiveVersion = 1;
	classes = {
	};
	objectVersion = 46;
	objects = {

/* Begin PBXBuildFile section */
		4F79B91F1C43DC2D0082740E /* AppDelegate.m in Sources */ = {isa = PBXBuildFile; fileRef = 4F79B9121C43DC2D0082740E /* AppDelegate.m */; };
		4F79B9211C43DC2D0082740E /* main.m in Sources */ = {isa = PBXBuildFile; fileRef = 4F79B9141C43DC2D0082740E /* main.m */; };
		4F79B9221C43DC2D0082740E /* LoginViewController.m in Sources */ = {isa = PBXBuildFile; fileRef = 4F79B9181C43DC2D0082740E /* LoginViewController.m */; };
		4F79B9231C43DC2D0082740E /* Assets.xcassets in Resources */ = {isa = PBXBuildFile; fileRef = 4F79B91B1C43DC2D0082740E /* Assets.xcassets */; };
		4F79B9261C43DD130082740E /* LoginViewController.xib in Resources */ = {isa = PBXBuildFile; fileRef = 4F79B9251C43DD130082740E /* LoginViewController.xib */; };
/* End PBXBuildFile section */

/* Begin PBXFileReference section */
		4F79B8F41C43DA2A0082740E /* Bulletina.app */ = {isa = PBXFileReference; explicitFileType = wrapper.application; includeInIndex = 0; path = Bulletina.app; sourceTree = BUILT_PRODUCTS_DIR; };
		4F79B9111C43DC2D0082740E /* AppDelegate.h */ = {isa = PBXFileReference; fileEncoding = 4; lastKnownFileType = sourcecode.c.h; path = AppDelegate.h; sourceTree = "<group>"; };
		4F79B9121C43DC2D0082740E /* AppDelegate.m */ = {isa = PBXFileReference; fileEncoding = 4; lastKnownFileType = sourcecode.c.objc; path = AppDelegate.m; sourceTree = "<group>"; };
		4F79B9131C43DC2D0082740E /* Info.plist */ = {isa = PBXFileReference; fileEncoding = 4; lastKnownFileType = text.plist.xml; path = Info.plist; sourceTree = "<group>"; };
		4F79B9141C43DC2D0082740E /* main.m */ = {isa = PBXFileReference; fileEncoding = 4; lastKnownFileType = sourcecode.c.objc; path = main.m; sourceTree = "<group>"; };
		4F79B9171C43DC2D0082740E /* LoginViewController.h */ = {isa = PBXFileReference; fileEncoding = 4; lastKnownFileType = sourcecode.c.h; path = LoginViewController.h; sourceTree = "<group>"; };
		4F79B9181C43DC2D0082740E /* LoginViewController.m */ = {isa = PBXFileReference; fileEncoding = 4; lastKnownFileType = sourcecode.c.objc; path = LoginViewController.m; sourceTree = "<group>"; };
		4F79B91B1C43DC2D0082740E /* Assets.xcassets */ = {isa = PBXFileReference; lastKnownFileType = folder.assetcatalog; path = Assets.xcassets; sourceTree = "<group>"; };
		4F79B9241C43DC9C0082740E /* PrefixHeader.pch */ = {isa = PBXFileReference; lastKnownFileType = sourcecode.c.h; path = PrefixHeader.pch; sourceTree = "<group>"; };
		4F79B9251C43DD130082740E /* LoginViewController.xib */ = {isa = PBXFileReference; fileEncoding = 4; lastKnownFileType = file.xib; path = LoginViewController.xib; sourceTree = "<group>"; };
/* End PBXFileReference section */

/* Begin PBXFrameworksBuildPhase section */
		4F79B8F11C43DA2A0082740E /* Frameworks */ = {
			isa = PBXFrameworksBuildPhase;
			buildActionMask = 2147483647;
			files = (
			);
			runOnlyForDeploymentPostprocessing = 0;
		};
/* End PBXFrameworksBuildPhase section */

/* Begin PBXGroup section */
		4F79B8EB1C43DA2A0082740E = {
			isa = PBXGroup;
			children = (
				4F79B8F61C43DA2A0082740E /* Bulletina */,
				4F79B8F51C43DA2A0082740E /* Products */,
			);
			sourceTree = "<group>";
		};
		4F79B8F51C43DA2A0082740E /* Products */ = {
			isa = PBXGroup;
			children = (
				4F79B8F41C43DA2A0082740E /* Bulletina.app */,
			);
			name = Products;
			sourceTree = "<group>";
		};
		4F79B8F61C43DA2A0082740E /* Bulletina */ = {
			isa = PBXGroup;
			children = (
				4F79B90E1C43DC2D0082740E /* 3dPart */,
				4F79B90F1C43DC2D0082740E /* Application */,
				4F79B9151C43DC2D0082740E /* Controllers */,
				4F79B9191C43DC2D0082740E /* Models */,
				4F79B91A1C43DC2D0082740E /* Resources */,
				4F79B91C1C43DC2D0082740E /* SupportingFiles */,
				4F79B91E1C43DC2D0082740E /* Views */,
			);
			path = Bulletina;
			sourceTree = "<group>";
		};
		4F79B90E1C43DC2D0082740E /* 3dPart */ = {
			isa = PBXGroup;
			children = (
			);
			path = 3dPart;
			sourceTree = "<group>";
		};
		4F79B90F1C43DC2D0082740E /* Application */ = {
			isa = PBXGroup;
			children = (
				4F79B9101C43DC2D0082740E /* AppDelegate */,
				4F79B9131C43DC2D0082740E /* Info.plist */,
				4F79B9141C43DC2D0082740E /* main.m */,
				4F79B9241C43DC9C0082740E /* PrefixHeader.pch */,
			);
			path = Application;
			sourceTree = "<group>";
		};
		4F79B9101C43DC2D0082740E /* AppDelegate */ = {
			isa = PBXGroup;
			children = (
				4F79B9111C43DC2D0082740E /* AppDelegate.h */,
				4F79B9121C43DC2D0082740E /* AppDelegate.m */,
			);
			path = AppDelegate;
			sourceTree = "<group>";
		};
		4F79B9151C43DC2D0082740E /* Controllers */ = {
			isa = PBXGroup;
			children = (
				4F79B9161C43DC2D0082740E /* LoginController */,
			);
			path = Controllers;
			sourceTree = "<group>";
		};
		4F79B9161C43DC2D0082740E /* LoginController */ = {
			isa = PBXGroup;
			children = (
				4F79B9171C43DC2D0082740E /* LoginViewController.h */,
				4F79B9181C43DC2D0082740E /* LoginViewController.m */,
				4F79B9251C43DD130082740E /* LoginViewController.xib */,
			);
			path = LoginController;
			sourceTree = "<group>";
		};
		4F79B9191C43DC2D0082740E /* Models */ = {
			isa = PBXGroup;
			children = (
			);
			path = Models;
			sourceTree = "<group>";
		};
		4F79B91A1C43DC2D0082740E /* Resources */ = {
			isa = PBXGroup;
			children = (
				4F79B91B1C43DC2D0082740E /* Assets.xcassets */,
			);
			path = Resources;
			sourceTree = "<group>";
		};
		4F79B91C1C43DC2D0082740E /* SupportingFiles */ = {
			isa = PBXGroup;
			children = (
				4F79B91D1C43DC2D0082740E /* Categories */,
			);
			path = SupportingFiles;
			sourceTree = "<group>";
		};
		4F79B91D1C43DC2D0082740E /* Categories */ = {
			isa = PBXGroup;
			children = (
			);
			path = Categories;
			sourceTree = "<group>";
		};
		4F79B91E1C43DC2D0082740E /* Views */ = {
			isa = PBXGroup;
			children = (
			);
			path = Views;
			sourceTree = "<group>";
		};
/* End PBXGroup section */

/* Begin PBXNativeTarget section */
		4F79B8F31C43DA2A0082740E /* Bulletina */ = {
			isa = PBXNativeTarget;
			buildConfigurationList = 4F79B90B1C43DA2A0082740E /* Build configuration list for PBXNativeTarget "Bulletina" */;
			buildPhases = (
				4F79B8F01C43DA2A0082740E /* Sources */,
				4F79B8F11C43DA2A0082740E /* Frameworks */,
				4F79B8F21C43DA2A0082740E /* Resources */,
			);
			buildRules = (
			);
			dependencies = (
			);
			name = Bulletina;
			productName = Bulletina;
			productReference = 4F79B8F41C43DA2A0082740E /* Bulletina.app */;
			productType = "com.apple.product-type.application";
		};
/* End PBXNativeTarget section */

/* Begin PBXProject section */
		4F79B8EC1C43DA2A0082740E /* Project object */ = {
			isa = PBXProject;
			attributes = {
				LastUpgradeCheck = 0720;
				ORGANIZATIONNAME = AppMedia;
				TargetAttributes = {
					4F79B8F31C43DA2A0082740E = {
						CreatedOnToolsVersion = 7.2;
					};
				};
			};
			buildConfigurationList = 4F79B8EF1C43DA2A0082740E /* Build configuration list for PBXProject "Bulletina" */;
			compatibilityVersion = "Xcode 3.2";
			developmentRegion = English;
			hasScannedForEncodings = 0;
			knownRegions = (
				en,
				Base,
			);
			mainGroup = 4F79B8EB1C43DA2A0082740E;
			productRefGroup = 4F79B8F51C43DA2A0082740E /* Products */;
			projectDirPath = "";
			projectRoot = "";
			targets = (
				4F79B8F31C43DA2A0082740E /* Bulletina */,
			);
		};
/* End PBXProject section */

/* Begin PBXResourcesBuildPhase section */
		4F79B8F21C43DA2A0082740E /* Resources */ = {
			isa = PBXResourcesBuildPhase;
			buildActionMask = 2147483647;
			files = (
				4F79B9231C43DC2D0082740E /* Assets.xcassets in Resources */,
				4F79B9261C43DD130082740E /* LoginViewController.xib in Resources */,
			);
			runOnlyForDeploymentPostprocessing = 0;
		};
/* End PBXResourcesBuildPhase section */

/* Begin PBXSourcesBuildPhase section */
		4F79B8F01C43DA2A0082740E /* Sources */ = {
			isa = PBXSourcesBuildPhase;
			buildActionMask = 2147483647;
			files = (
				4F79B9211C43DC2D0082740E /* main.m in Sources */,
				4F79B91F1C43DC2D0082740E /* AppDelegate.m in Sources */,
				4F79B9221C43DC2D0082740E /* LoginViewController.m in Sources */,
			);
			runOnlyForDeploymentPostprocessing = 0;
		};
/* End PBXSourcesBuildPhase section */

/* Begin XCBuildConfiguration section */
		4F79B9091C43DA2A0082740E /* Debug */ = {
			isa = XCBuildConfiguration;
			buildSettings = {
				ALWAYS_SEARCH_USER_PATHS = NO;
				CLANG_CXX_LANGUAGE_STANDARD = "gnu++0x";
				CLANG_CXX_LIBRARY = "libc++";
				CLANG_ENABLE_MODULES = YES;
				CLANG_ENABLE_OBJC_ARC = YES;
				CLANG_WARN_BOOL_CONVERSION = YES;
				CLANG_WARN_CONSTANT_CONVERSION = YES;
				CLANG_WARN_DIRECT_OBJC_ISA_USAGE = YES_ERROR;
				CLANG_WARN_EMPTY_BODY = YES;
				CLANG_WARN_ENUM_CONVERSION = YES;
				CLANG_WARN_INT_CONVERSION = YES;
				CLANG_WARN_OBJC_ROOT_CLASS = YES_ERROR;
				CLANG_WARN_UNREACHABLE_CODE = YES;
				CLANG_WARN__DUPLICATE_METHOD_MATCH = YES;
				"CODE_SIGN_IDENTITY[sdk=iphoneos*]" = "iPhone Developer";
				COPY_PHASE_STRIP = NO;
				DEBUG_INFORMATION_FORMAT = dwarf;
				ENABLE_STRICT_OBJC_MSGSEND = YES;
				ENABLE_TESTABILITY = YES;
				GCC_C_LANGUAGE_STANDARD = gnu99;
				GCC_DYNAMIC_NO_PIC = NO;
				GCC_NO_COMMON_BLOCKS = YES;
				GCC_OPTIMIZATION_LEVEL = 0;
				GCC_PREPROCESSOR_DEFINITIONS = (
					"DEBUG=1",
					"$(inherited)",
				);
				GCC_WARN_64_TO_32_BIT_CONVERSION = YES;
				GCC_WARN_ABOUT_RETURN_TYPE = YES_ERROR;
				GCC_WARN_UNDECLARED_SELECTOR = YES;
				GCC_WARN_UNINITIALIZED_AUTOS = YES_AGGRESSIVE;
				GCC_WARN_UNUSED_FUNCTION = YES;
				GCC_WARN_UNUSED_VARIABLE = YES;
				IPHONEOS_DEPLOYMENT_TARGET = 9.2;
				MTL_ENABLE_DEBUG_INFO = YES;
				ONLY_ACTIVE_ARCH = YES;
				SDKROOT = iphoneos;
			};
			name = Debug;
		};
		4F79B90A1C43DA2A0082740E /* Release */ = {
			isa = XCBuildConfiguration;
			buildSettings = {
				ALWAYS_SEARCH_USER_PATHS = NO;
				CLANG_CXX_LANGUAGE_STANDARD = "gnu++0x";
				CLANG_CXX_LIBRARY = "libc++";
				CLANG_ENABLE_MODULES = YES;
				CLANG_ENABLE_OBJC_ARC = YES;
				CLANG_WARN_BOOL_CONVERSION = YES;
				CLANG_WARN_CONSTANT_CONVERSION = YES;
				CLANG_WARN_DIRECT_OBJC_ISA_USAGE = YES_ERROR;
				CLANG_WARN_EMPTY_BODY = YES;
				CLANG_WARN_ENUM_CONVERSION = YES;
				CLANG_WARN_INT_CONVERSION = YES;
				CLANG_WARN_OBJC_ROOT_CLASS = YES_ERROR;
				CLANG_WARN_UNREACHABLE_CODE = YES;
				CLANG_WARN__DUPLICATE_METHOD_MATCH = YES;
				"CODE_SIGN_IDENTITY[sdk=iphoneos*]" = "iPhone Developer";
				COPY_PHASE_STRIP = NO;
				DEBUG_INFORMATION_FORMAT = "dwarf-with-dsym";
				ENABLE_NS_ASSERTIONS = NO;
				ENABLE_STRICT_OBJC_MSGSEND = YES;
				GCC_C_LANGUAGE_STANDARD = gnu99;
				GCC_NO_COMMON_BLOCKS = YES;
				GCC_WARN_64_TO_32_BIT_CONVERSION = YES;
				GCC_WARN_ABOUT_RETURN_TYPE = YES_ERROR;
				GCC_WARN_UNDECLARED_SELECTOR = YES;
				GCC_WARN_UNINITIALIZED_AUTOS = YES_AGGRESSIVE;
				GCC_WARN_UNUSED_FUNCTION = YES;
				GCC_WARN_UNUSED_VARIABLE = YES;
				IPHONEOS_DEPLOYMENT_TARGET = 9.2;
				MTL_ENABLE_DEBUG_INFO = NO;
				SDKROOT = iphoneos;
				VALIDATE_PRODUCT = YES;
			};
			name = Release;
		};
		4F79B90C1C43DA2A0082740E /* Debug */ = {
			isa = XCBuildConfiguration;
			buildSettings = {
				ASSETCATALOG_COMPILER_APPICON_NAME = AppIcon;
				ASSETCATALOG_COMPILER_LAUNCHIMAGE_NAME = LaunchImage;
				GCC_PRECOMPILE_PREFIX_HEADER = YES;
				GCC_PREFIX_HEADER = Bulletina/Application/PrefixHeader.pch;
				INFOPLIST_FILE = Bulletina/Application/Info.plist;
				IPHONEOS_DEPLOYMENT_TARGET = 8.0;
				LD_RUNPATH_SEARCH_PATHS = "$(inherited) @executable_path/Frameworks";
				PRODUCT_BUNDLE_IDENTIFIER = com.AppMedia.Bulletina;
				PRODUCT_NAME = "$(TARGET_NAME)";
			};
			name = Debug;
		};
		4F79B90D1C43DA2A0082740E /* Release */ = {
			isa = XCBuildConfiguration;
			buildSettings = {
				ASSETCATALOG_COMPILER_APPICON_NAME = AppIcon;
				ASSETCATALOG_COMPILER_LAUNCHIMAGE_NAME = LaunchImage;
				GCC_PRECOMPILE_PREFIX_HEADER = YES;
				GCC_PREFIX_HEADER = Bulletina/Application/PrefixHeader.pch;
				INFOPLIST_FILE = Bulletina/Application/Info.plist;
				IPHONEOS_DEPLOYMENT_TARGET = 8.0;
				LD_RUNPATH_SEARCH_PATHS = "$(inherited) @executable_path/Frameworks";
				PRODUCT_BUNDLE_IDENTIFIER = com.AppMedia.Bulletina;
				PRODUCT_NAME = "$(TARGET_NAME)";
			};
			name = Release;
		};
/* End XCBuildConfiguration section */

/* Begin XCConfigurationList section */
		4F79B8EF1C43DA2A0082740E /* Build configuration list for PBXProject "Bulletina" */ = {
			isa = XCConfigurationList;
			buildConfigurations = (
				4F79B9091C43DA2A0082740E /* Debug */,
				4F79B90A1C43DA2A0082740E /* Release */,
			);
			defaultConfigurationIsVisible = 0;
			defaultConfigurationName = Release;
		};
		4F79B90B1C43DA2A0082740E /* Build configuration list for PBXNativeTarget "Bulletina" */ = {
			isa = XCConfigurationList;
			buildConfigurations = (
				4F79B90C1C43DA2A0082740E /* Debug */,
				4F79B90D1C43DA2A0082740E /* Release */,
			);
			defaultConfigurationIsVisible = 0;
			defaultConfigurationName = Release;
		};
/* End XCConfigurationList section */
	};
	rootObject = 4F79B8EC1C43DA2A0082740E /* Project object */;
}
