// !$*UTF8*$!
{
	archiveVersion = 1;
	classes = {
	};
	objectVersion = 46;
	objects = {

/* Begin PBXBuildFile section */
		300CA1CC1C484D5700DA85CE /* ProfileButtonTableViewCell.m in Sources */ = {isa = PBXBuildFile; fileRef = 300CA1CA1C484D5700DA85CE /* ProfileButtonTableViewCell.m */; };
		300CA1CD1C484D5700DA85CE /* ProfileButtonTableViewCell.xib in Resources */ = {isa = PBXBuildFile; fileRef = 300CA1CB1C484D5700DA85CE /* ProfileButtonTableViewCell.xib */; };
		3043590D1C479F51007B6959 /* ProfileTableViewController.m in Sources */ = {isa = PBXBuildFile; fileRef = 3043590B1C479F51007B6959 /* ProfileTableViewController.m */; };
		3043590E1C479F51007B6959 /* ProfileTableViewController.xib in Resources */ = {isa = PBXBuildFile; fileRef = 3043590C1C479F51007B6959 /* ProfileTableViewController.xib */; };
		304359121C479F6F007B6959 /* ProfileDefaultTableViewCell.m in Sources */ = {isa = PBXBuildFile; fileRef = 304359101C479F6F007B6959 /* ProfileDefaultTableViewCell.m */; };
		304359131C479F6F007B6959 /* ProfileDefaultTableViewCell.xib in Resources */ = {isa = PBXBuildFile; fileRef = 304359111C479F6F007B6959 /* ProfileDefaultTableViewCell.xib */; };
		304359171C479F9C007B6959 /* IndividualProfileLogoTableViewCell.m in Sources */ = {isa = PBXBuildFile; fileRef = 304359151C479F9C007B6959 /* IndividualProfileLogoTableViewCell.m */; };
		304359181C479F9C007B6959 /* IndividualProfileLogoTableViewCell.xib in Resources */ = {isa = PBXBuildFile; fileRef = 304359161C479F9C007B6959 /* IndividualProfileLogoTableViewCell.xib */; };
		3043591C1C479FBC007B6959 /* BusinessProfileLogoTableViewCell.m in Sources */ = {isa = PBXBuildFile; fileRef = 3043591A1C479FBC007B6959 /* BusinessProfileLogoTableViewCell.m */; };
		3043591D1C479FBC007B6959 /* BusinessProfileLogoTableViewCell.xib in Resources */ = {isa = PBXBuildFile; fileRef = 3043591B1C479FBC007B6959 /* BusinessProfileLogoTableViewCell.xib */; };
		307DD9131C44F68A00F59857 /* MainPageController.m in Sources */ = {isa = PBXBuildFile; fileRef = 307DD9111C44F68A00F59857 /* MainPageController.m */; };
		307DD9141C44F68A00F59857 /* MainPageController.xib in Resources */ = {isa = PBXBuildFile; fileRef = 307DD9121C44F68A00F59857 /* MainPageController.xib */; };
		307DD91F1C44F93200F59857 /* ItemTableViewCell.m in Sources */ = {isa = PBXBuildFile; fileRef = 307DD91D1C44F93200F59857 /* ItemTableViewCell.m */; };
		307DD9201C44F93200F59857 /* ItemTableViewCell.xib in Resources */ = {isa = PBXBuildFile; fileRef = 307DD91E1C44F93200F59857 /* ItemTableViewCell.xib */; };
		3082B9A91C48F00A00C4925D /* EditProfileAboutTableViewCell.m in Sources */ = {isa = PBXBuildFile; fileRef = 3082B9A71C48F00A00C4925D /* EditProfileAboutTableViewCell.m */; };
		3082B9AA1C48F00A00C4925D /* EditProfileAboutTableViewCell.xib in Resources */ = {isa = PBXBuildFile; fileRef = 3082B9A81C48F00A00C4925D /* EditProfileAboutTableViewCell.xib */; };
		3082B9B01C48F1B200C4925D /* IndividualProfileEditTableViewController.m in Sources */ = {isa = PBXBuildFile; fileRef = 3082B9AE1C48F1B200C4925D /* IndividualProfileEditTableViewController.m */; };
		3082B9B11C48F1B200C4925D /* IndividualProfileEditTableViewController.xib in Resources */ = {isa = PBXBuildFile; fileRef = 3082B9AF1C48F1B200C4925D /* IndividualProfileEditTableViewController.xib */; };
		3082B9B51C48F1DE00C4925D /* BusinessProfileEditTableViewController.m in Sources */ = {isa = PBXBuildFile; fileRef = 3082B9B31C48F1DE00C4925D /* BusinessProfileEditTableViewController.m */; };
		3082B9B61C48F1DE00C4925D /* BusinessProfileEditTableViewController.xib in Resources */ = {isa = PBXBuildFile; fileRef = 3082B9B41C48F1DE00C4925D /* BusinessProfileEditTableViewController.xib */; };
		30928DCD1C463B2400041847 /* BaseView.m in Sources */ = {isa = PBXBuildFile; fileRef = 30928DCC1C463B2400041847 /* BaseView.m */; };
		30928DD01C463C9000041847 /* CustomRefreshControlView.m in Sources */ = {isa = PBXBuildFile; fileRef = 30928DCF1C463C9000041847 /* CustomRefreshControlView.m */; };
		30928DD21C463CA100041847 /* CustomRefreshControlView.xib in Resources */ = {isa = PBXBuildFile; fileRef = 30928DD11C463CA100041847 /* CustomRefreshControlView.xib */; };
		30928DDC1C464F7200041847 /* IconCollectionViewCell.m in Sources */ = {isa = PBXBuildFile; fileRef = 30928DDA1C464F7200041847 /* IconCollectionViewCell.m */; };
		30928DDD1C464F7200041847 /* IconCollectionViewCell.xib in Resources */ = {isa = PBXBuildFile; fileRef = 30928DDB1C464F7200041847 /* IconCollectionViewCell.xib */; };
		30928DE61C465BBC00041847 /* PersonalRegisterTableViewController.m in Sources */ = {isa = PBXBuildFile; fileRef = 30928DE41C465BBC00041847 /* PersonalRegisterTableViewController.m */; };
		30928DE71C465BBC00041847 /* PersonalRegisterTableViewController.xib in Resources */ = {isa = PBXBuildFile; fileRef = 30928DE51C465BBC00041847 /* PersonalRegisterTableViewController.xib */; };
		30928DEB1C465BD600041847 /* BusinessRegisterTableViewController.m in Sources */ = {isa = PBXBuildFile; fileRef = 30928DE91C465BD600041847 /* BusinessRegisterTableViewController.m */; };
		30928DEC1C465BD600041847 /* BusinessRegisterTableViewController.xib in Resources */ = {isa = PBXBuildFile; fileRef = 30928DEA1C465BD600041847 /* BusinessRegisterTableViewController.xib */; };
		30928DF41C465CA700041847 /* InputTableViewCell.m in Sources */ = {isa = PBXBuildFile; fileRef = 30928DF21C465CA700041847 /* InputTableViewCell.m */; };
		30928DF51C465CA700041847 /* InputTableViewCell.xib in Resources */ = {isa = PBXBuildFile; fileRef = 30928DF31C465CA700041847 /* InputTableViewCell.xib */; };
		30928DF91C465CBA00041847 /* ButtonTableViewCell.m in Sources */ = {isa = PBXBuildFile; fileRef = 30928DF71C465CBA00041847 /* ButtonTableViewCell.m */; };
		30928DFA1C465CBA00041847 /* ButtonTableViewCell.xib in Resources */ = {isa = PBXBuildFile; fileRef = 30928DF81C465CBA00041847 /* ButtonTableViewCell.xib */; };
		30928DFE1C465CCC00041847 /* AvatarTableViewCell.m in Sources */ = {isa = PBXBuildFile; fileRef = 30928DFC1C465CCC00041847 /* AvatarTableViewCell.m */; };
		30928DFF1C465CCC00041847 /* AvatarTableViewCell.xib in Resources */ = {isa = PBXBuildFile; fileRef = 30928DFD1C465CCC00041847 /* AvatarTableViewCell.xib */; };
		30928E031C465CDE00041847 /* BusinessLogoTableViewCell.m in Sources */ = {isa = PBXBuildFile; fileRef = 30928E011C465CDE00041847 /* BusinessLogoTableViewCell.m */; };
		30928E041C465CDE00041847 /* BusinessLogoTableViewCell.xib in Resources */ = {isa = PBXBuildFile; fileRef = 30928E021C465CDE00041847 /* BusinessLogoTableViewCell.xib */; };
		30928E0E1C46683E00041847 /* RegisterTypeSelectViewController.m in Sources */ = {isa = PBXBuildFile; fileRef = 30928E0C1C46683E00041847 /* RegisterTypeSelectViewController.m */; };
		30928E0F1C46683E00041847 /* RegisterTypeSelectViewController.xib in Resources */ = {isa = PBXBuildFile; fileRef = 30928E0D1C46683E00041847 /* RegisterTypeSelectViewController.xib */; };
		30BBACE41C43EB4D004F22D2 /* BaseTableViewCell.m in Sources */ = {isa = PBXBuildFile; fileRef = 30BBACE31C43EB4D004F22D2 /* BaseTableViewCell.m */; };
		30BBACEA1C43EDD4004F22D2 /* LogoTableViewCell.m in Sources */ = {isa = PBXBuildFile; fileRef = 30BBACE81C43EDD4004F22D2 /* LogoTableViewCell.m */; };
		30BBACEB1C43EDD4004F22D2 /* LogoTableViewCell.xib in Resources */ = {isa = PBXBuildFile; fileRef = 30BBACE91C43EDD4004F22D2 /* LogoTableViewCell.xib */; };
		30BBACF01C43EE24004F22D2 /* TextFieldTableViewCell.m in Sources */ = {isa = PBXBuildFile; fileRef = 30BBACEE1C43EE24004F22D2 /* TextFieldTableViewCell.m */; };
		30BBACF11C43EE24004F22D2 /* TextFieldTableViewCell.xib in Resources */ = {isa = PBXBuildFile; fileRef = 30BBACEF1C43EE24004F22D2 /* TextFieldTableViewCell.xib */; };
		30BBACF91C43EEF9004F22D2 /* TryBeforeTableViewCell.m in Sources */ = {isa = PBXBuildFile; fileRef = 30BBACF71C43EEF9004F22D2 /* TryBeforeTableViewCell.m */; };
		30BBACFA1C43EEF9004F22D2 /* TryBeforeTableViewCell.xib in Resources */ = {isa = PBXBuildFile; fileRef = 30BBACF81C43EEF9004F22D2 /* TryBeforeTableViewCell.xib */; };
		30BBAD031C43EF24004F22D2 /* LoginButtonTableViewCell.m in Sources */ = {isa = PBXBuildFile; fileRef = 30BBAD011C43EF24004F22D2 /* LoginButtonTableViewCell.m */; };
		30BBAD041C43EF24004F22D2 /* LoginButtonTableViewCell.xib in Resources */ = {isa = PBXBuildFile; fileRef = 30BBAD021C43EF24004F22D2 /* LoginButtonTableViewCell.xib */; };
		4F637BF61C464E2200DE7CCA /* TextInputNavigationCollection.m in Sources */ = {isa = PBXBuildFile; fileRef = 4F637BF51C464E2200DE7CCA /* TextInputNavigationCollection.m */; };
		4F637BFC1C46596F00DE7CCA /* Utils.m in Sources */ = {isa = PBXBuildFile; fileRef = 4F637BFB1C46596F00DE7CCA /* Utils.m */; };
		4F637C001C4659A200DE7CCA /* UIColor+AppColor.m in Sources */ = {isa = PBXBuildFile; fileRef = 4F637BFF1C4659A200DE7CCA /* UIColor+AppColor.m */; };
		4F79B91F1C43DC2D0082740E /* AppDelegate.m in Sources */ = {isa = PBXBuildFile; fileRef = 4F79B9121C43DC2D0082740E /* AppDelegate.m */; };
		4F79B9211C43DC2D0082740E /* main.m in Sources */ = {isa = PBXBuildFile; fileRef = 4F79B9141C43DC2D0082740E /* main.m */; };
		4F79B9221C43DC2D0082740E /* LoginViewController.m in Sources */ = {isa = PBXBuildFile; fileRef = 4F79B9181C43DC2D0082740E /* LoginViewController.m */; };
		4F79B9231C43DC2D0082740E /* Assets.xcassets in Resources */ = {isa = PBXBuildFile; fileRef = 4F79B91B1C43DC2D0082740E /* Assets.xcassets */; };
		4F79B9261C43DD130082740E /* LoginViewController.xib in Resources */ = {isa = PBXBuildFile; fileRef = 4F79B9251C43DD130082740E /* LoginViewController.xib */; };
		4FA19C051C46828600140343 /* AFHTTPSessionManager.m in Sources */ = {isa = PBXBuildFile; fileRef = 4FA19BF91C46828600140343 /* AFHTTPSessionManager.m */; };
		4FA19C061C46828600140343 /* AFNetworkReachabilityManager.m in Sources */ = {isa = PBXBuildFile; fileRef = 4FA19BFC1C46828600140343 /* AFNetworkReachabilityManager.m */; };
		4FA19C071C46828600140343 /* AFSecurityPolicy.m in Sources */ = {isa = PBXBuildFile; fileRef = 4FA19BFE1C46828600140343 /* AFSecurityPolicy.m */; };
		4FA19C081C46828600140343 /* AFURLRequestSerialization.m in Sources */ = {isa = PBXBuildFile; fileRef = 4FA19C001C46828600140343 /* AFURLRequestSerialization.m */; };
		4FA19C091C46828600140343 /* AFURLResponseSerialization.m in Sources */ = {isa = PBXBuildFile; fileRef = 4FA19C021C46828600140343 /* AFURLResponseSerialization.m */; };
		4FA19C0A1C46828600140343 /* AFURLSessionManager.m in Sources */ = {isa = PBXBuildFile; fileRef = 4FA19C041C46828600140343 /* AFURLSessionManager.m */; };
		4FA19C201C46829000140343 /* AFAutoPurgingImageCache.m in Sources */ = {isa = PBXBuildFile; fileRef = 4FA19C0D1C46829000140343 /* AFAutoPurgingImageCache.m */; };
		4FA19C211C46829000140343 /* AFImageDownloader.m in Sources */ = {isa = PBXBuildFile; fileRef = 4FA19C0F1C46829000140343 /* AFImageDownloader.m */; };
		4FA19C221C46829000140343 /* AFNetworkActivityIndicatorManager.m in Sources */ = {isa = PBXBuildFile; fileRef = 4FA19C111C46829000140343 /* AFNetworkActivityIndicatorManager.m */; };
		4FA19C231C46829000140343 /* UIActivityIndicatorView+AFNetworking.m in Sources */ = {isa = PBXBuildFile; fileRef = 4FA19C131C46829000140343 /* UIActivityIndicatorView+AFNetworking.m */; };
		4FA19C241C46829000140343 /* UIButton+AFNetworking.m in Sources */ = {isa = PBXBuildFile; fileRef = 4FA19C151C46829000140343 /* UIButton+AFNetworking.m */; };
		4FA19C251C46829000140343 /* UIImageView+AFNetworking.m in Sources */ = {isa = PBXBuildFile; fileRef = 4FA19C181C46829000140343 /* UIImageView+AFNetworking.m */; };
		4FA19C261C46829000140343 /* UIProgressView+AFNetworking.m in Sources */ = {isa = PBXBuildFile; fileRef = 4FA19C1B1C46829000140343 /* UIProgressView+AFNetworking.m */; };
		4FA19C271C46829000140343 /* UIRefreshControl+AFNetworking.m in Sources */ = {isa = PBXBuildFile; fileRef = 4FA19C1D1C46829000140343 /* UIRefreshControl+AFNetworking.m */; };
		4FA19C281C46829000140343 /* UIWebView+AFNetworking.m in Sources */ = {isa = PBXBuildFile; fileRef = 4FA19C1F1C46829000140343 /* UIWebView+AFNetworking.m */; };
		4FA19C2C1C46831C00140343 /* APIClient.m in Sources */ = {isa = PBXBuildFile; fileRef = 4FA19C2B1C46831C00140343 /* APIClient.m */; };
/* End PBXBuildFile section */

/* Begin PBXFileReference section */
		300CA1C91C484D5700DA85CE /* ProfileButtonTableViewCell.h */ = {isa = PBXFileReference; fileEncoding = 4; lastKnownFileType = sourcecode.c.h; path = ProfileButtonTableViewCell.h; sourceTree = "<group>"; };
		300CA1CA1C484D5700DA85CE /* ProfileButtonTableViewCell.m */ = {isa = PBXFileReference; fileEncoding = 4; lastKnownFileType = sourcecode.c.objc; path = ProfileButtonTableViewCell.m; sourceTree = "<group>"; };
		300CA1CB1C484D5700DA85CE /* ProfileButtonTableViewCell.xib */ = {isa = PBXFileReference; fileEncoding = 4; lastKnownFileType = file.xib; path = ProfileButtonTableViewCell.xib; sourceTree = "<group>"; };
		3043590A1C479F51007B6959 /* ProfileTableViewController.h */ = {isa = PBXFileReference; fileEncoding = 4; lastKnownFileType = sourcecode.c.h; path = ProfileTableViewController.h; sourceTree = "<group>"; };
		3043590B1C479F51007B6959 /* ProfileTableViewController.m */ = {isa = PBXFileReference; fileEncoding = 4; lastKnownFileType = sourcecode.c.objc; path = ProfileTableViewController.m; sourceTree = "<group>"; };
		3043590C1C479F51007B6959 /* ProfileTableViewController.xib */ = {isa = PBXFileReference; fileEncoding = 4; lastKnownFileType = file.xib; path = ProfileTableViewController.xib; sourceTree = "<group>"; };
		3043590F1C479F6F007B6959 /* ProfileDefaultTableViewCell.h */ = {isa = PBXFileReference; fileEncoding = 4; lastKnownFileType = sourcecode.c.h; path = ProfileDefaultTableViewCell.h; sourceTree = "<group>"; };
		304359101C479F6F007B6959 /* ProfileDefaultTableViewCell.m */ = {isa = PBXFileReference; fileEncoding = 4; lastKnownFileType = sourcecode.c.objc; path = ProfileDefaultTableViewCell.m; sourceTree = "<group>"; };
		304359111C479F6F007B6959 /* ProfileDefaultTableViewCell.xib */ = {isa = PBXFileReference; fileEncoding = 4; lastKnownFileType = file.xib; path = ProfileDefaultTableViewCell.xib; sourceTree = "<group>"; };
		304359141C479F9C007B6959 /* IndividualProfileLogoTableViewCell.h */ = {isa = PBXFileReference; fileEncoding = 4; lastKnownFileType = sourcecode.c.h; path = IndividualProfileLogoTableViewCell.h; sourceTree = "<group>"; };
		304359151C479F9C007B6959 /* IndividualProfileLogoTableViewCell.m */ = {isa = PBXFileReference; fileEncoding = 4; lastKnownFileType = sourcecode.c.objc; path = IndividualProfileLogoTableViewCell.m; sourceTree = "<group>"; };
		304359161C479F9C007B6959 /* IndividualProfileLogoTableViewCell.xib */ = {isa = PBXFileReference; fileEncoding = 4; lastKnownFileType = file.xib; path = IndividualProfileLogoTableViewCell.xib; sourceTree = "<group>"; };
		304359191C479FBC007B6959 /* BusinessProfileLogoTableViewCell.h */ = {isa = PBXFileReference; fileEncoding = 4; lastKnownFileType = sourcecode.c.h; path = BusinessProfileLogoTableViewCell.h; sourceTree = "<group>"; };
		3043591A1C479FBC007B6959 /* BusinessProfileLogoTableViewCell.m */ = {isa = PBXFileReference; fileEncoding = 4; lastKnownFileType = sourcecode.c.objc; path = BusinessProfileLogoTableViewCell.m; sourceTree = "<group>"; };
		3043591B1C479FBC007B6959 /* BusinessProfileLogoTableViewCell.xib */ = {isa = PBXFileReference; fileEncoding = 4; lastKnownFileType = file.xib; path = BusinessProfileLogoTableViewCell.xib; sourceTree = "<group>"; };
		307DD9101C44F68A00F59857 /* MainPageController.h */ = {isa = PBXFileReference; fileEncoding = 4; lastKnownFileType = sourcecode.c.h; path = MainPageController.h; sourceTree = "<group>"; };
		307DD9111C44F68A00F59857 /* MainPageController.m */ = {isa = PBXFileReference; fileEncoding = 4; lastKnownFileType = sourcecode.c.objc; path = MainPageController.m; sourceTree = "<group>"; };
		307DD9121C44F68A00F59857 /* MainPageController.xib */ = {isa = PBXFileReference; fileEncoding = 4; lastKnownFileType = file.xib; path = MainPageController.xib; sourceTree = "<group>"; };
		307DD91C1C44F93200F59857 /* ItemTableViewCell.h */ = {isa = PBXFileReference; fileEncoding = 4; lastKnownFileType = sourcecode.c.h; path = ItemTableViewCell.h; sourceTree = "<group>"; };
		307DD91D1C44F93200F59857 /* ItemTableViewCell.m */ = {isa = PBXFileReference; fileEncoding = 4; lastKnownFileType = sourcecode.c.objc; path = ItemTableViewCell.m; sourceTree = "<group>"; };
		307DD91E1C44F93200F59857 /* ItemTableViewCell.xib */ = {isa = PBXFileReference; fileEncoding = 4; lastKnownFileType = file.xib; path = ItemTableViewCell.xib; sourceTree = "<group>"; };
		3082B9A61C48F00A00C4925D /* EditProfileAboutTableViewCell.h */ = {isa = PBXFileReference; fileEncoding = 4; lastKnownFileType = sourcecode.c.h; path = EditProfileAboutTableViewCell.h; sourceTree = "<group>"; };
		3082B9A71C48F00A00C4925D /* EditProfileAboutTableViewCell.m */ = {isa = PBXFileReference; fileEncoding = 4; lastKnownFileType = sourcecode.c.objc; path = EditProfileAboutTableViewCell.m; sourceTree = "<group>"; };
		3082B9A81C48F00A00C4925D /* EditProfileAboutTableViewCell.xib */ = {isa = PBXFileReference; fileEncoding = 4; lastKnownFileType = file.xib; path = EditProfileAboutTableViewCell.xib; sourceTree = "<group>"; };
		3082B9AD1C48F1B200C4925D /* IndividualProfileEditTableViewController.h */ = {isa = PBXFileReference; fileEncoding = 4; lastKnownFileType = sourcecode.c.h; path = IndividualProfileEditTableViewController.h; sourceTree = "<group>"; };
		3082B9AE1C48F1B200C4925D /* IndividualProfileEditTableViewController.m */ = {isa = PBXFileReference; fileEncoding = 4; lastKnownFileType = sourcecode.c.objc; path = IndividualProfileEditTableViewController.m; sourceTree = "<group>"; };
		3082B9AF1C48F1B200C4925D /* IndividualProfileEditTableViewController.xib */ = {isa = PBXFileReference; fileEncoding = 4; lastKnownFileType = file.xib; path = IndividualProfileEditTableViewController.xib; sourceTree = "<group>"; };
		3082B9B21C48F1DE00C4925D /* BusinessProfileEditTableViewController.h */ = {isa = PBXFileReference; fileEncoding = 4; lastKnownFileType = sourcecode.c.h; path = BusinessProfileEditTableViewController.h; sourceTree = "<group>"; };
		3082B9B31C48F1DE00C4925D /* BusinessProfileEditTableViewController.m */ = {isa = PBXFileReference; fileEncoding = 4; lastKnownFileType = sourcecode.c.objc; path = BusinessProfileEditTableViewController.m; sourceTree = "<group>"; };
		3082B9B41C48F1DE00C4925D /* BusinessProfileEditTableViewController.xib */ = {isa = PBXFileReference; fileEncoding = 4; lastKnownFileType = file.xib; path = BusinessProfileEditTableViewController.xib; sourceTree = "<group>"; };
		30928DCB1C463B2400041847 /* BaseView.h */ = {isa = PBXFileReference; fileEncoding = 4; lastKnownFileType = sourcecode.c.h; path = BaseView.h; sourceTree = "<group>"; };
		30928DCC1C463B2400041847 /* BaseView.m */ = {isa = PBXFileReference; fileEncoding = 4; lastKnownFileType = sourcecode.c.objc; path = BaseView.m; sourceTree = "<group>"; };
		30928DCE1C463C9000041847 /* CustomRefreshControlView.h */ = {isa = PBXFileReference; fileEncoding = 4; lastKnownFileType = sourcecode.c.h; path = CustomRefreshControlView.h; sourceTree = "<group>"; };
		30928DCF1C463C9000041847 /* CustomRefreshControlView.m */ = {isa = PBXFileReference; fileEncoding = 4; lastKnownFileType = sourcecode.c.objc; path = CustomRefreshControlView.m; sourceTree = "<group>"; };
		30928DD11C463CA100041847 /* CustomRefreshControlView.xib */ = {isa = PBXFileReference; fileEncoding = 4; lastKnownFileType = file.xib; path = CustomRefreshControlView.xib; sourceTree = "<group>"; };
		30928DD91C464F7200041847 /* IconCollectionViewCell.h */ = {isa = PBXFileReference; fileEncoding = 4; lastKnownFileType = sourcecode.c.h; path = IconCollectionViewCell.h; sourceTree = "<group>"; };
		30928DDA1C464F7200041847 /* IconCollectionViewCell.m */ = {isa = PBXFileReference; fileEncoding = 4; lastKnownFileType = sourcecode.c.objc; path = IconCollectionViewCell.m; sourceTree = "<group>"; };
		30928DDB1C464F7200041847 /* IconCollectionViewCell.xib */ = {isa = PBXFileReference; fileEncoding = 4; lastKnownFileType = file.xib; path = IconCollectionViewCell.xib; sourceTree = "<group>"; };
		30928DE31C465BBC00041847 /* PersonalRegisterTableViewController.h */ = {isa = PBXFileReference; fileEncoding = 4; lastKnownFileType = sourcecode.c.h; path = PersonalRegisterTableViewController.h; sourceTree = "<group>"; };
		30928DE41C465BBC00041847 /* PersonalRegisterTableViewController.m */ = {isa = PBXFileReference; fileEncoding = 4; lastKnownFileType = sourcecode.c.objc; path = PersonalRegisterTableViewController.m; sourceTree = "<group>"; };
		30928DE51C465BBC00041847 /* PersonalRegisterTableViewController.xib */ = {isa = PBXFileReference; fileEncoding = 4; lastKnownFileType = file.xib; path = PersonalRegisterTableViewController.xib; sourceTree = "<group>"; };
		30928DE81C465BD600041847 /* BusinessRegisterTableViewController.h */ = {isa = PBXFileReference; fileEncoding = 4; lastKnownFileType = sourcecode.c.h; path = BusinessRegisterTableViewController.h; sourceTree = "<group>"; };
		30928DE91C465BD600041847 /* BusinessRegisterTableViewController.m */ = {isa = PBXFileReference; fileEncoding = 4; lastKnownFileType = sourcecode.c.objc; path = BusinessRegisterTableViewController.m; sourceTree = "<group>"; };
		30928DEA1C465BD600041847 /* BusinessRegisterTableViewController.xib */ = {isa = PBXFileReference; fileEncoding = 4; lastKnownFileType = file.xib; path = BusinessRegisterTableViewController.xib; sourceTree = "<group>"; };
		30928DF11C465CA700041847 /* InputTableViewCell.h */ = {isa = PBXFileReference; fileEncoding = 4; lastKnownFileType = sourcecode.c.h; path = InputTableViewCell.h; sourceTree = "<group>"; };
		30928DF21C465CA700041847 /* InputTableViewCell.m */ = {isa = PBXFileReference; fileEncoding = 4; lastKnownFileType = sourcecode.c.objc; path = InputTableViewCell.m; sourceTree = "<group>"; };
		30928DF31C465CA700041847 /* InputTableViewCell.xib */ = {isa = PBXFileReference; fileEncoding = 4; lastKnownFileType = file.xib; path = InputTableViewCell.xib; sourceTree = "<group>"; };
		30928DF61C465CBA00041847 /* ButtonTableViewCell.h */ = {isa = PBXFileReference; fileEncoding = 4; lastKnownFileType = sourcecode.c.h; path = ButtonTableViewCell.h; sourceTree = "<group>"; };
		30928DF71C465CBA00041847 /* ButtonTableViewCell.m */ = {isa = PBXFileReference; fileEncoding = 4; lastKnownFileType = sourcecode.c.objc; path = ButtonTableViewCell.m; sourceTree = "<group>"; };
		30928DF81C465CBA00041847 /* ButtonTableViewCell.xib */ = {isa = PBXFileReference; fileEncoding = 4; lastKnownFileType = file.xib; path = ButtonTableViewCell.xib; sourceTree = "<group>"; };
		30928DFB1C465CCC00041847 /* AvatarTableViewCell.h */ = {isa = PBXFileReference; fileEncoding = 4; lastKnownFileType = sourcecode.c.h; path = AvatarTableViewCell.h; sourceTree = "<group>"; };
		30928DFC1C465CCC00041847 /* AvatarTableViewCell.m */ = {isa = PBXFileReference; fileEncoding = 4; lastKnownFileType = sourcecode.c.objc; path = AvatarTableViewCell.m; sourceTree = "<group>"; };
		30928DFD1C465CCC00041847 /* AvatarTableViewCell.xib */ = {isa = PBXFileReference; fileEncoding = 4; lastKnownFileType = file.xib; path = AvatarTableViewCell.xib; sourceTree = "<group>"; };
		30928E001C465CDE00041847 /* BusinessLogoTableViewCell.h */ = {isa = PBXFileReference; fileEncoding = 4; lastKnownFileType = sourcecode.c.h; path = BusinessLogoTableViewCell.h; sourceTree = "<group>"; };
		30928E011C465CDE00041847 /* BusinessLogoTableViewCell.m */ = {isa = PBXFileReference; fileEncoding = 4; lastKnownFileType = sourcecode.c.objc; path = BusinessLogoTableViewCell.m; sourceTree = "<group>"; };
		30928E021C465CDE00041847 /* BusinessLogoTableViewCell.xib */ = {isa = PBXFileReference; fileEncoding = 4; lastKnownFileType = file.xib; path = BusinessLogoTableViewCell.xib; sourceTree = "<group>"; };
		30928E0B1C46683E00041847 /* RegisterTypeSelectViewController.h */ = {isa = PBXFileReference; fileEncoding = 4; lastKnownFileType = sourcecode.c.h; path = RegisterTypeSelectViewController.h; sourceTree = "<group>"; };
		30928E0C1C46683E00041847 /* RegisterTypeSelectViewController.m */ = {isa = PBXFileReference; fileEncoding = 4; lastKnownFileType = sourcecode.c.objc; path = RegisterTypeSelectViewController.m; sourceTree = "<group>"; };
		30928E0D1C46683E00041847 /* RegisterTypeSelectViewController.xib */ = {isa = PBXFileReference; fileEncoding = 4; lastKnownFileType = file.xib; path = RegisterTypeSelectViewController.xib; sourceTree = "<group>"; };
		30BBACE21C43EB4D004F22D2 /* BaseTableViewCell.h */ = {isa = PBXFileReference; fileEncoding = 4; lastKnownFileType = sourcecode.c.h; path = BaseTableViewCell.h; sourceTree = "<group>"; };
		30BBACE31C43EB4D004F22D2 /* BaseTableViewCell.m */ = {isa = PBXFileReference; fileEncoding = 4; lastKnownFileType = sourcecode.c.objc; path = BaseTableViewCell.m; sourceTree = "<group>"; };
		30BBACE71C43EDD4004F22D2 /* LogoTableViewCell.h */ = {isa = PBXFileReference; fileEncoding = 4; lastKnownFileType = sourcecode.c.h; path = LogoTableViewCell.h; sourceTree = "<group>"; };
		30BBACE81C43EDD4004F22D2 /* LogoTableViewCell.m */ = {isa = PBXFileReference; fileEncoding = 4; lastKnownFileType = sourcecode.c.objc; path = LogoTableViewCell.m; sourceTree = "<group>"; };
		30BBACE91C43EDD4004F22D2 /* LogoTableViewCell.xib */ = {isa = PBXFileReference; fileEncoding = 4; lastKnownFileType = file.xib; path = LogoTableViewCell.xib; sourceTree = "<group>"; };
		30BBACED1C43EE24004F22D2 /* TextFieldTableViewCell.h */ = {isa = PBXFileReference; fileEncoding = 4; lastKnownFileType = sourcecode.c.h; path = TextFieldTableViewCell.h; sourceTree = "<group>"; };
		30BBACEE1C43EE24004F22D2 /* TextFieldTableViewCell.m */ = {isa = PBXFileReference; fileEncoding = 4; lastKnownFileType = sourcecode.c.objc; path = TextFieldTableViewCell.m; sourceTree = "<group>"; };
		30BBACEF1C43EE24004F22D2 /* TextFieldTableViewCell.xib */ = {isa = PBXFileReference; fileEncoding = 4; lastKnownFileType = file.xib; path = TextFieldTableViewCell.xib; sourceTree = "<group>"; };
		30BBACF61C43EEF9004F22D2 /* TryBeforeTableViewCell.h */ = {isa = PBXFileReference; fileEncoding = 4; lastKnownFileType = sourcecode.c.h; path = TryBeforeTableViewCell.h; sourceTree = "<group>"; };
		30BBACF71C43EEF9004F22D2 /* TryBeforeTableViewCell.m */ = {isa = PBXFileReference; fileEncoding = 4; lastKnownFileType = sourcecode.c.objc; path = TryBeforeTableViewCell.m; sourceTree = "<group>"; };
		30BBACF81C43EEF9004F22D2 /* TryBeforeTableViewCell.xib */ = {isa = PBXFileReference; fileEncoding = 4; lastKnownFileType = file.xib; path = TryBeforeTableViewCell.xib; sourceTree = "<group>"; };
		30BBAD001C43EF24004F22D2 /* LoginButtonTableViewCell.h */ = {isa = PBXFileReference; fileEncoding = 4; lastKnownFileType = sourcecode.c.h; path = LoginButtonTableViewCell.h; sourceTree = "<group>"; };
		30BBAD011C43EF24004F22D2 /* LoginButtonTableViewCell.m */ = {isa = PBXFileReference; fileEncoding = 4; lastKnownFileType = sourcecode.c.objc; path = LoginButtonTableViewCell.m; sourceTree = "<group>"; };
		30BBAD021C43EF24004F22D2 /* LoginButtonTableViewCell.xib */ = {isa = PBXFileReference; fileEncoding = 4; lastKnownFileType = file.xib; path = LoginButtonTableViewCell.xib; sourceTree = "<group>"; };
		4F637BF41C464E2200DE7CCA /* TextInputNavigationCollection.h */ = {isa = PBXFileReference; fileEncoding = 4; lastKnownFileType = sourcecode.c.h; path = TextInputNavigationCollection.h; sourceTree = "<group>"; };
		4F637BF51C464E2200DE7CCA /* TextInputNavigationCollection.m */ = {isa = PBXFileReference; fileEncoding = 4; lastKnownFileType = sourcecode.c.objc; path = TextInputNavigationCollection.m; sourceTree = "<group>"; };
		4F637BFA1C46596F00DE7CCA /* Utils.h */ = {isa = PBXFileReference; fileEncoding = 4; lastKnownFileType = sourcecode.c.h; path = Utils.h; sourceTree = "<group>"; };
		4F637BFB1C46596F00DE7CCA /* Utils.m */ = {isa = PBXFileReference; fileEncoding = 4; lastKnownFileType = sourcecode.c.objc; path = Utils.m; sourceTree = "<group>"; };
		4F637BFE1C4659A200DE7CCA /* UIColor+AppColor.h */ = {isa = PBXFileReference; fileEncoding = 4; lastKnownFileType = sourcecode.c.h; path = "UIColor+AppColor.h"; sourceTree = "<group>"; };
		4F637BFF1C4659A200DE7CCA /* UIColor+AppColor.m */ = {isa = PBXFileReference; fileEncoding = 4; lastKnownFileType = sourcecode.c.objc; path = "UIColor+AppColor.m"; sourceTree = "<group>"; };
		4F637C011C46602C00DE7CCA /* Constants.h */ = {isa = PBXFileReference; lastKnownFileType = sourcecode.c.h; path = Constants.h; sourceTree = "<group>"; };
		4F79B8F41C43DA2A0082740E /* Bulletina.app */ = {isa = PBXFileReference; explicitFileType = wrapper.application; includeInIndex = 0; path = Bulletina.app; sourceTree = BUILT_PRODUCTS_DIR; };
		4F79B9111C43DC2D0082740E /* AppDelegate.h */ = {isa = PBXFileReference; fileEncoding = 4; lastKnownFileType = sourcecode.c.h; path = AppDelegate.h; sourceTree = "<group>"; };
		4F79B9121C43DC2D0082740E /* AppDelegate.m */ = {isa = PBXFileReference; fileEncoding = 4; lastKnownFileType = sourcecode.c.objc; path = AppDelegate.m; sourceTree = "<group>"; };
		4F79B9131C43DC2D0082740E /* Info.plist */ = {isa = PBXFileReference; fileEncoding = 4; lastKnownFileType = text.plist.xml; path = Info.plist; sourceTree = "<group>"; };
		4F79B9141C43DC2D0082740E /* main.m */ = {isa = PBXFileReference; fileEncoding = 4; lastKnownFileType = sourcecode.c.objc; path = main.m; sourceTree = "<group>"; };
		4F79B9171C43DC2D0082740E /* LoginViewController.h */ = {isa = PBXFileReference; fileEncoding = 4; lastKnownFileType = sourcecode.c.h; path = LoginViewController.h; sourceTree = "<group>"; };
		4F79B9181C43DC2D0082740E /* LoginViewController.m */ = {isa = PBXFileReference; fileEncoding = 4; lastKnownFileType = sourcecode.c.objc; path = LoginViewController.m; sourceTree = "<group>"; };
		4F79B91B1C43DC2D0082740E /* Assets.xcassets */ = {isa = PBXFileReference; lastKnownFileType = folder.assetcatalog; path = Assets.xcassets; sourceTree = "<group>"; };
		4F79B9241C43DC9C0082740E /* PrefixHeader.pch */ = {isa = PBXFileReference; lastKnownFileType = sourcecode.c.h; path = PrefixHeader.pch; sourceTree = "<group>"; };
		4F79B9251C43DD130082740E /* LoginViewController.xib */ = {isa = PBXFileReference; fileEncoding = 4; lastKnownFileType = file.xib; path = LoginViewController.xib; sourceTree = "<group>"; };
		4FA19BF81C46828600140343 /* AFHTTPSessionManager.h */ = {isa = PBXFileReference; fileEncoding = 4; lastKnownFileType = sourcecode.c.h; path = AFHTTPSessionManager.h; sourceTree = "<group>"; };
		4FA19BF91C46828600140343 /* AFHTTPSessionManager.m */ = {isa = PBXFileReference; fileEncoding = 4; lastKnownFileType = sourcecode.c.objc; path = AFHTTPSessionManager.m; sourceTree = "<group>"; };
		4FA19BFA1C46828600140343 /* AFNetworking.h */ = {isa = PBXFileReference; fileEncoding = 4; lastKnownFileType = sourcecode.c.h; path = AFNetworking.h; sourceTree = "<group>"; };
		4FA19BFB1C46828600140343 /* AFNetworkReachabilityManager.h */ = {isa = PBXFileReference; fileEncoding = 4; lastKnownFileType = sourcecode.c.h; path = AFNetworkReachabilityManager.h; sourceTree = "<group>"; };
		4FA19BFC1C46828600140343 /* AFNetworkReachabilityManager.m */ = {isa = PBXFileReference; fileEncoding = 4; lastKnownFileType = sourcecode.c.objc; path = AFNetworkReachabilityManager.m; sourceTree = "<group>"; };
		4FA19BFD1C46828600140343 /* AFSecurityPolicy.h */ = {isa = PBXFileReference; fileEncoding = 4; lastKnownFileType = sourcecode.c.h; path = AFSecurityPolicy.h; sourceTree = "<group>"; };
		4FA19BFE1C46828600140343 /* AFSecurityPolicy.m */ = {isa = PBXFileReference; fileEncoding = 4; lastKnownFileType = sourcecode.c.objc; path = AFSecurityPolicy.m; sourceTree = "<group>"; };
		4FA19BFF1C46828600140343 /* AFURLRequestSerialization.h */ = {isa = PBXFileReference; fileEncoding = 4; lastKnownFileType = sourcecode.c.h; path = AFURLRequestSerialization.h; sourceTree = "<group>"; };
		4FA19C001C46828600140343 /* AFURLRequestSerialization.m */ = {isa = PBXFileReference; fileEncoding = 4; lastKnownFileType = sourcecode.c.objc; path = AFURLRequestSerialization.m; sourceTree = "<group>"; };
		4FA19C011C46828600140343 /* AFURLResponseSerialization.h */ = {isa = PBXFileReference; fileEncoding = 4; lastKnownFileType = sourcecode.c.h; path = AFURLResponseSerialization.h; sourceTree = "<group>"; };
		4FA19C021C46828600140343 /* AFURLResponseSerialization.m */ = {isa = PBXFileReference; fileEncoding = 4; lastKnownFileType = sourcecode.c.objc; path = AFURLResponseSerialization.m; sourceTree = "<group>"; };
		4FA19C031C46828600140343 /* AFURLSessionManager.h */ = {isa = PBXFileReference; fileEncoding = 4; lastKnownFileType = sourcecode.c.h; path = AFURLSessionManager.h; sourceTree = "<group>"; };
		4FA19C041C46828600140343 /* AFURLSessionManager.m */ = {isa = PBXFileReference; fileEncoding = 4; lastKnownFileType = sourcecode.c.objc; path = AFURLSessionManager.m; sourceTree = "<group>"; };
		4FA19C0C1C46829000140343 /* AFAutoPurgingImageCache.h */ = {isa = PBXFileReference; fileEncoding = 4; lastKnownFileType = sourcecode.c.h; path = AFAutoPurgingImageCache.h; sourceTree = "<group>"; };
		4FA19C0D1C46829000140343 /* AFAutoPurgingImageCache.m */ = {isa = PBXFileReference; fileEncoding = 4; lastKnownFileType = sourcecode.c.objc; path = AFAutoPurgingImageCache.m; sourceTree = "<group>"; };
		4FA19C0E1C46829000140343 /* AFImageDownloader.h */ = {isa = PBXFileReference; fileEncoding = 4; lastKnownFileType = sourcecode.c.h; path = AFImageDownloader.h; sourceTree = "<group>"; };
		4FA19C0F1C46829000140343 /* AFImageDownloader.m */ = {isa = PBXFileReference; fileEncoding = 4; lastKnownFileType = sourcecode.c.objc; path = AFImageDownloader.m; sourceTree = "<group>"; };
		4FA19C101C46829000140343 /* AFNetworkActivityIndicatorManager.h */ = {isa = PBXFileReference; fileEncoding = 4; lastKnownFileType = sourcecode.c.h; path = AFNetworkActivityIndicatorManager.h; sourceTree = "<group>"; };
		4FA19C111C46829000140343 /* AFNetworkActivityIndicatorManager.m */ = {isa = PBXFileReference; fileEncoding = 4; lastKnownFileType = sourcecode.c.objc; path = AFNetworkActivityIndicatorManager.m; sourceTree = "<group>"; };
		4FA19C121C46829000140343 /* UIActivityIndicatorView+AFNetworking.h */ = {isa = PBXFileReference; fileEncoding = 4; lastKnownFileType = sourcecode.c.h; path = "UIActivityIndicatorView+AFNetworking.h"; sourceTree = "<group>"; };
		4FA19C131C46829000140343 /* UIActivityIndicatorView+AFNetworking.m */ = {isa = PBXFileReference; fileEncoding = 4; lastKnownFileType = sourcecode.c.objc; path = "UIActivityIndicatorView+AFNetworking.m"; sourceTree = "<group>"; };
		4FA19C141C46829000140343 /* UIButton+AFNetworking.h */ = {isa = PBXFileReference; fileEncoding = 4; lastKnownFileType = sourcecode.c.h; path = "UIButton+AFNetworking.h"; sourceTree = "<group>"; };
		4FA19C151C46829000140343 /* UIButton+AFNetworking.m */ = {isa = PBXFileReference; fileEncoding = 4; lastKnownFileType = sourcecode.c.objc; path = "UIButton+AFNetworking.m"; sourceTree = "<group>"; };
		4FA19C161C46829000140343 /* UIImage+AFNetworking.h */ = {isa = PBXFileReference; fileEncoding = 4; lastKnownFileType = sourcecode.c.h; path = "UIImage+AFNetworking.h"; sourceTree = "<group>"; };
		4FA19C171C46829000140343 /* UIImageView+AFNetworking.h */ = {isa = PBXFileReference; fileEncoding = 4; lastKnownFileType = sourcecode.c.h; path = "UIImageView+AFNetworking.h"; sourceTree = "<group>"; };
		4FA19C181C46829000140343 /* UIImageView+AFNetworking.m */ = {isa = PBXFileReference; fileEncoding = 4; lastKnownFileType = sourcecode.c.objc; path = "UIImageView+AFNetworking.m"; sourceTree = "<group>"; };
		4FA19C191C46829000140343 /* UIKit+AFNetworking.h */ = {isa = PBXFileReference; fileEncoding = 4; lastKnownFileType = sourcecode.c.h; path = "UIKit+AFNetworking.h"; sourceTree = "<group>"; };
		4FA19C1A1C46829000140343 /* UIProgressView+AFNetworking.h */ = {isa = PBXFileReference; fileEncoding = 4; lastKnownFileType = sourcecode.c.h; path = "UIProgressView+AFNetworking.h"; sourceTree = "<group>"; };
		4FA19C1B1C46829000140343 /* UIProgressView+AFNetworking.m */ = {isa = PBXFileReference; fileEncoding = 4; lastKnownFileType = sourcecode.c.objc; path = "UIProgressView+AFNetworking.m"; sourceTree = "<group>"; };
		4FA19C1C1C46829000140343 /* UIRefreshControl+AFNetworking.h */ = {isa = PBXFileReference; fileEncoding = 4; lastKnownFileType = sourcecode.c.h; path = "UIRefreshControl+AFNetworking.h"; sourceTree = "<group>"; };
		4FA19C1D1C46829000140343 /* UIRefreshControl+AFNetworking.m */ = {isa = PBXFileReference; fileEncoding = 4; lastKnownFileType = sourcecode.c.objc; path = "UIRefreshControl+AFNetworking.m"; sourceTree = "<group>"; };
		4FA19C1E1C46829000140343 /* UIWebView+AFNetworking.h */ = {isa = PBXFileReference; fileEncoding = 4; lastKnownFileType = sourcecode.c.h; path = "UIWebView+AFNetworking.h"; sourceTree = "<group>"; };
		4FA19C1F1C46829000140343 /* UIWebView+AFNetworking.m */ = {isa = PBXFileReference; fileEncoding = 4; lastKnownFileType = sourcecode.c.objc; path = "UIWebView+AFNetworking.m"; sourceTree = "<group>"; };
		4FA19C2A1C46831C00140343 /* APIClient.h */ = {isa = PBXFileReference; fileEncoding = 4; lastKnownFileType = sourcecode.c.h; path = APIClient.h; sourceTree = "<group>"; };
		4FA19C2B1C46831C00140343 /* APIClient.m */ = {isa = PBXFileReference; fileEncoding = 4; lastKnownFileType = sourcecode.c.objc; path = APIClient.m; sourceTree = "<group>"; };
		4FA19C2D1C46838800140343 /* APIClientConstants.h */ = {isa = PBXFileReference; lastKnownFileType = sourcecode.c.h; path = APIClientConstants.h; sourceTree = "<group>"; };
/* End PBXFileReference section */

/* Begin PBXFrameworksBuildPhase section */
		4F79B8F11C43DA2A0082740E /* Frameworks */ = {
			isa = PBXFrameworksBuildPhase;
			buildActionMask = 2147483647;
			files = (
			);
			runOnlyForDeploymentPostprocessing = 0;
		};
/* End PBXFrameworksBuildPhase section */

/* Begin PBXGroup section */
		300CA1C81C484D3B00DA85CE /* ProfileButtonCell */ = {
			isa = PBXGroup;
			children = (
				300CA1C91C484D5700DA85CE /* ProfileButtonTableViewCell.h */,
				300CA1CA1C484D5700DA85CE /* ProfileButtonTableViewCell.m */,
				300CA1CB1C484D5700DA85CE /* ProfileButtonTableViewCell.xib */,
			);
			path = ProfileButtonCell;
			sourceTree = "<group>";
		};
		304359051C479B2D007B6959 /* ProfileControllers */ = {
			isa = PBXGroup;
			children = (
				304359061C479E32007B6959 /* ProfileCells */,
				3043590A1C479F51007B6959 /* ProfileTableViewController.h */,
				3043590B1C479F51007B6959 /* ProfileTableViewController.m */,
				3043590C1C479F51007B6959 /* ProfileTableViewController.xib */,
			);
			path = ProfileControllers;
			sourceTree = "<group>";
		};
		304359061C479E32007B6959 /* ProfileCells */ = {
			isa = PBXGroup;
			children = (
				300CA1C81C484D3B00DA85CE /* ProfileButtonCell */,
				304359091C479F15007B6959 /* ProfileDefaultCell */,
				304359081C479E8E007B6959 /* IndividualProfileLogoCell */,
				304359071C479E6F007B6959 /* BusinesProfileLogoCell */,
			);
			path = ProfileCells;
			sourceTree = "<group>";
		};
		304359071C479E6F007B6959 /* BusinesProfileLogoCell */ = {
			isa = PBXGroup;
			children = (
				304359191C479FBC007B6959 /* BusinessProfileLogoTableViewCell.h */,
				3043591A1C479FBC007B6959 /* BusinessProfileLogoTableViewCell.m */,
				3043591B1C479FBC007B6959 /* BusinessProfileLogoTableViewCell.xib */,
			);
			path = BusinesProfileLogoCell;
			sourceTree = "<group>";
		};
		304359081C479E8E007B6959 /* IndividualProfileLogoCell */ = {
			isa = PBXGroup;
			children = (
				304359141C479F9C007B6959 /* IndividualProfileLogoTableViewCell.h */,
				304359151C479F9C007B6959 /* IndividualProfileLogoTableViewCell.m */,
				304359161C479F9C007B6959 /* IndividualProfileLogoTableViewCell.xib */,
			);
			path = IndividualProfileLogoCell;
			sourceTree = "<group>";
		};
		304359091C479F15007B6959 /* ProfileDefaultCell */ = {
			isa = PBXGroup;
			children = (
				3043590F1C479F6F007B6959 /* ProfileDefaultTableViewCell.h */,
				304359101C479F6F007B6959 /* ProfileDefaultTableViewCell.m */,
				304359111C479F6F007B6959 /* ProfileDefaultTableViewCell.xib */,
			);
			path = ProfileDefaultCell;
			sourceTree = "<group>";
		};
		307DD90F1C44F65400F59857 /* MainPageController */ = {
			isa = PBXGroup;
			children = (
				307DD9151C44F75E00F59857 /* MainPageCells */,
				307DD9101C44F68A00F59857 /* MainPageController.h */,
				307DD9111C44F68A00F59857 /* MainPageController.m */,
				307DD9121C44F68A00F59857 /* MainPageController.xib */,
			);
			path = MainPageController;
			sourceTree = "<group>";
		};
		307DD9151C44F75E00F59857 /* MainPageCells */ = {
			isa = PBXGroup;
			children = (
				307DD91B1C44F93200F59857 /* ItemCell */,
			);
			path = MainPageCells;
			sourceTree = "<group>";
		};
		307DD91B1C44F93200F59857 /* ItemCell */ = {
			isa = PBXGroup;
			children = (
				30928DD81C464F0100041847 /* IconCell */,
				307DD91C1C44F93200F59857 /* ItemTableViewCell.h */,
				307DD91D1C44F93200F59857 /* ItemTableViewCell.m */,
				307DD91E1C44F93200F59857 /* ItemTableViewCell.xib */,
			);
			path = ItemCell;
			sourceTree = "<group>";
		};
		3082B99E1C48E37400C4925D /* EditProfileControllers */ = {
			isa = PBXGroup;
			children = (
				3082B9AC1C48F0F900C4925D /* BusinessEditController */,
				3082B9AB1C48F0DD00C4925D /* IndividualEditController */,
				3082B9A41C48EA5300C4925D /* EditProfileCells */,
			);
			path = EditProfileControllers;
			sourceTree = "<group>";
		};
		3082B9A41C48EA5300C4925D /* EditProfileCells */ = {
			isa = PBXGroup;
			children = (
				3082B9A51C48EFE200C4925D /* AboutCell */,
			);
			path = EditProfileCells;
			sourceTree = "<group>";
		};
		3082B9A51C48EFE200C4925D /* AboutCell */ = {
			isa = PBXGroup;
			children = (
				3082B9A61C48F00A00C4925D /* EditProfileAboutTableViewCell.h */,
				3082B9A71C48F00A00C4925D /* EditProfileAboutTableViewCell.m */,
				3082B9A81C48F00A00C4925D /* EditProfileAboutTableViewCell.xib */,
			);
			path = AboutCell;
			sourceTree = "<group>";
		};
		3082B9AB1C48F0DD00C4925D /* IndividualEditController */ = {
			isa = PBXGroup;
			children = (
				3082B9AD1C48F1B200C4925D /* IndividualProfileEditTableViewController.h */,
				3082B9AE1C48F1B200C4925D /* IndividualProfileEditTableViewController.m */,
				3082B9AF1C48F1B200C4925D /* IndividualProfileEditTableViewController.xib */,
			);
			path = IndividualEditController;
			sourceTree = "<group>";
		};
		3082B9AC1C48F0F900C4925D /* BusinessEditController */ = {
			isa = PBXGroup;
			children = (
				3082B9B21C48F1DE00C4925D /* BusinessProfileEditTableViewController.h */,
				3082B9B31C48F1DE00C4925D /* BusinessProfileEditTableViewController.m */,
				3082B9B41C48F1DE00C4925D /* BusinessProfileEditTableViewController.xib */,
			);
			path = BusinessEditController;
			sourceTree = "<group>";
		};
		30928DC91C463AEA00041847 /* BaseView */ = {
			isa = PBXGroup;
			children = (
				30928DCB1C463B2400041847 /* BaseView.h */,
				30928DCC1C463B2400041847 /* BaseView.m */,
			);
			path = BaseView;
			sourceTree = "<group>";
		};
		30928DCA1C463AEA00041847 /* RefreshControl */ = {
			isa = PBXGroup;
			children = (
				30928DCE1C463C9000041847 /* CustomRefreshControlView.h */,
				30928DCF1C463C9000041847 /* CustomRefreshControlView.m */,
				30928DD11C463CA100041847 /* CustomRefreshControlView.xib */,
			);
			path = RefreshControl;
			sourceTree = "<group>";
		};
		30928DD81C464F0100041847 /* IconCell */ = {
			isa = PBXGroup;
			children = (
				30928DD91C464F7200041847 /* IconCollectionViewCell.h */,
				30928DDA1C464F7200041847 /* IconCollectionViewCell.m */,
				30928DDB1C464F7200041847 /* IconCollectionViewCell.xib */,
			);
			path = IconCell;
			sourceTree = "<group>";
		};
		30928DDF1C465B8000041847 /* RegisterControllers */ = {
			isa = PBXGroup;
			children = (
				30928E051C4667D600041847 /* RegisterTypeSelectController */,
				30928DE01C465B8000041847 /* BuisnessRegisterController */,
				30928DE11C465B8000041847 /* PersonalRegisterController */,
				30928DE21C465B8000041847 /* RegisterCells */,
			);
			path = RegisterControllers;
			sourceTree = "<group>";
		};
		30928DE01C465B8000041847 /* BuisnessRegisterController */ = {
			isa = PBXGroup;
			children = (
				30928DE81C465BD600041847 /* BusinessRegisterTableViewController.h */,
				30928DE91C465BD600041847 /* BusinessRegisterTableViewController.m */,
				30928DEA1C465BD600041847 /* BusinessRegisterTableViewController.xib */,
			);
			path = BuisnessRegisterController;
			sourceTree = "<group>";
		};
		30928DE11C465B8000041847 /* PersonalRegisterController */ = {
			isa = PBXGroup;
			children = (
				30928DE31C465BBC00041847 /* PersonalRegisterTableViewController.h */,
				30928DE41C465BBC00041847 /* PersonalRegisterTableViewController.m */,
				30928DE51C465BBC00041847 /* PersonalRegisterTableViewController.xib */,
			);
			path = PersonalRegisterController;
			sourceTree = "<group>";
		};
		30928DE21C465B8000041847 /* RegisterCells */ = {
			isa = PBXGroup;
			children = (
				30928DF01C465C6E00041847 /* AvatarCell */,
				30928DEF1C465C3E00041847 /* ButtonCell */,
				30928DEE1C465C1200041847 /* InputCell */,
				30928DED1C465BFD00041847 /* BusinessLogoCell */,
			);
			path = RegisterCells;
			sourceTree = "<group>";
		};
		30928DED1C465BFD00041847 /* BusinessLogoCell */ = {
			isa = PBXGroup;
			children = (
				30928E001C465CDE00041847 /* BusinessLogoTableViewCell.h */,
				30928E011C465CDE00041847 /* BusinessLogoTableViewCell.m */,
				30928E021C465CDE00041847 /* BusinessLogoTableViewCell.xib */,
			);
			name = BusinessLogoCell;
			path = LogoCell;
			sourceTree = "<group>";
		};
		30928DEE1C465C1200041847 /* InputCell */ = {
			isa = PBXGroup;
			children = (
				30928DF11C465CA700041847 /* InputTableViewCell.h */,
				30928DF21C465CA700041847 /* InputTableViewCell.m */,
				30928DF31C465CA700041847 /* InputTableViewCell.xib */,
			);
			path = InputCell;
			sourceTree = "<group>";
		};
		30928DEF1C465C3E00041847 /* ButtonCell */ = {
			isa = PBXGroup;
			children = (
				30928DF61C465CBA00041847 /* ButtonTableViewCell.h */,
				30928DF71C465CBA00041847 /* ButtonTableViewCell.m */,
				30928DF81C465CBA00041847 /* ButtonTableViewCell.xib */,
			);
			path = ButtonCell;
			sourceTree = "<group>";
		};
		30928DF01C465C6E00041847 /* AvatarCell */ = {
			isa = PBXGroup;
			children = (
				30928DFB1C465CCC00041847 /* AvatarTableViewCell.h */,
				30928DFC1C465CCC00041847 /* AvatarTableViewCell.m */,
				30928DFD1C465CCC00041847 /* AvatarTableViewCell.xib */,
			);
			path = AvatarCell;
			sourceTree = "<group>";
		};
		30928E051C4667D600041847 /* RegisterTypeSelectController */ = {
			isa = PBXGroup;
			children = (
				30928E0B1C46683E00041847 /* RegisterTypeSelectViewController.h */,
				30928E0C1C46683E00041847 /* RegisterTypeSelectViewController.m */,
				30928E0D1C46683E00041847 /* RegisterTypeSelectViewController.xib */,
			);
			name = RegisterTypeSelectController;
			path = RegisterTypeController;
			sourceTree = "<group>";
		};
		30BBACDC1C43EA64004F22D2 /* Views */ = {
			isa = PBXGroup;
			children = (
				30928DC91C463AEA00041847 /* BaseView */,
				30928DCA1C463AEA00041847 /* RefreshControl */,
				30BBACE11C43EB4D004F22D2 /* BaseCell */,
			);
			name = Views;
			path = Bulletina/Views;
			sourceTree = SOURCE_ROOT;
		};
		30BBACE11C43EB4D004F22D2 /* BaseCell */ = {
			isa = PBXGroup;
			children = (
				30BBACE21C43EB4D004F22D2 /* BaseTableViewCell.h */,
				30BBACE31C43EB4D004F22D2 /* BaseTableViewCell.m */,
			);
			name = BaseCell;
			path = Cells/BaseCell;
			sourceTree = "<group>";
		};
		30BBACE51C43ED14004F22D2 /* LoginCells */ = {
			isa = PBXGroup;
			children = (
				30BBACF31C43EECF004F22D2 /* LoginButtonCell */,
				30BBACF51C43EECF004F22D2 /* TryBeforeCell */,
				30BBACEC1C43EE04004F22D2 /* TextFieldCell */,
				30BBACE61C43EDC0004F22D2 /* LogoCell */,
			);
			path = LoginCells;
			sourceTree = "<group>";
		};
		30BBACE61C43EDC0004F22D2 /* LogoCell */ = {
			isa = PBXGroup;
			children = (
				30BBACE71C43EDD4004F22D2 /* LogoTableViewCell.h */,
				30BBACE81C43EDD4004F22D2 /* LogoTableViewCell.m */,
				30BBACE91C43EDD4004F22D2 /* LogoTableViewCell.xib */,
			);
			path = LogoCell;
			sourceTree = "<group>";
		};
		30BBACEC1C43EE04004F22D2 /* TextFieldCell */ = {
			isa = PBXGroup;
			children = (
				30BBACED1C43EE24004F22D2 /* TextFieldTableViewCell.h */,
				30BBACEE1C43EE24004F22D2 /* TextFieldTableViewCell.m */,
				30BBACEF1C43EE24004F22D2 /* TextFieldTableViewCell.xib */,
			);
			path = TextFieldCell;
			sourceTree = "<group>";
		};
		30BBACF31C43EECF004F22D2 /* LoginButtonCell */ = {
			isa = PBXGroup;
			children = (
				30BBAD001C43EF24004F22D2 /* LoginButtonTableViewCell.h */,
				30BBAD011C43EF24004F22D2 /* LoginButtonTableViewCell.m */,
				30BBAD021C43EF24004F22D2 /* LoginButtonTableViewCell.xib */,
			);
			path = LoginButtonCell;
			sourceTree = "<group>";
		};
		30BBACF51C43EECF004F22D2 /* TryBeforeCell */ = {
			isa = PBXGroup;
			children = (
				30BBACF61C43EEF9004F22D2 /* TryBeforeTableViewCell.h */,
				30BBACF71C43EEF9004F22D2 /* TryBeforeTableViewCell.m */,
				30BBACF81C43EEF9004F22D2 /* TryBeforeTableViewCell.xib */,
			);
			path = TryBeforeCell;
			sourceTree = "<group>";
		};
		4F637BF21C464DDE00DE7CCA /* Models */ = {
			isa = PBXGroup;
			children = (
				4FA19C291C46830600140343 /* APIClient */,
				4F637BF31C464E0C00DE7CCA /* TextInputNavigationCollection */,
			);
			path = Models;
			sourceTree = "<group>";
		};
		4F637BF31C464E0C00DE7CCA /* TextInputNavigationCollection */ = {
			isa = PBXGroup;
			children = (
				4F637BF41C464E2200DE7CCA /* TextInputNavigationCollection.h */,
				4F637BF51C464E2200DE7CCA /* TextInputNavigationCollection.m */,
			);
			path = TextInputNavigationCollection;
			sourceTree = "<group>";
		};
		4F637BF71C46594E00DE7CCA /* SupportingFiles */ = {
			isa = PBXGroup;
			children = (
				4F637BF91C46596000DE7CCA /* Utils */,
				4F637BF81C46594E00DE7CCA /* Categories */,
				4F637C011C46602C00DE7CCA /* Constants.h */,
			);
			path = SupportingFiles;
			sourceTree = "<group>";
		};
		4F637BF81C46594E00DE7CCA /* Categories */ = {
			isa = PBXGroup;
			children = (
				4F637BFD1C46598E00DE7CCA /* UIColor+AppColor */,
			);
			path = Categories;
			sourceTree = "<group>";
		};
		4F637BF91C46596000DE7CCA /* Utils */ = {
			isa = PBXGroup;
			children = (
				4F637BFA1C46596F00DE7CCA /* Utils.h */,
				4F637BFB1C46596F00DE7CCA /* Utils.m */,
			);
			path = Utils;
			sourceTree = "<group>";
		};
		4F637BFD1C46598E00DE7CCA /* UIColor+AppColor */ = {
			isa = PBXGroup;
			children = (
				4F637BFE1C4659A200DE7CCA /* UIColor+AppColor.h */,
				4F637BFF1C4659A200DE7CCA /* UIColor+AppColor.m */,
			);
			path = "UIColor+AppColor";
			sourceTree = "<group>";
		};
		4F79B8EB1C43DA2A0082740E = {
			isa = PBXGroup;
			children = (
				4F79B8F61C43DA2A0082740E /* Bulletina */,
				4F79B8F51C43DA2A0082740E /* Products */,
			);
			sourceTree = "<group>";
		};
		4F79B8F51C43DA2A0082740E /* Products */ = {
			isa = PBXGroup;
			children = (
				4F79B8F41C43DA2A0082740E /* Bulletina.app */,
			);
			name = Products;
			sourceTree = "<group>";
		};
		4F79B8F61C43DA2A0082740E /* Bulletina */ = {
			isa = PBXGroup;
			children = (
				4FA19BF61C46823C00140343 /* 3dPart */,
				30BBACDC1C43EA64004F22D2 /* Views */,
				4F79B90F1C43DC2D0082740E /* Application */,
				4F79B9151C43DC2D0082740E /* Controllers */,
				4F637BF21C464DDE00DE7CCA /* Models */,
				4F637BF71C46594E00DE7CCA /* SupportingFiles */,
				4F79B91A1C43DC2D0082740E /* Resources */,
			);
			path = Bulletina;
			sourceTree = "<group>";
		};
		4F79B90F1C43DC2D0082740E /* Application */ = {
			isa = PBXGroup;
			children = (
				4F79B9101C43DC2D0082740E /* AppDelegate */,
				4F79B9131C43DC2D0082740E /* Info.plist */,
				4F79B9141C43DC2D0082740E /* main.m */,
				4F79B9241C43DC9C0082740E /* PrefixHeader.pch */,
			);
			path = Application;
			sourceTree = "<group>";
		};
		4F79B9101C43DC2D0082740E /* AppDelegate */ = {
			isa = PBXGroup;
			children = (
				4F79B9111C43DC2D0082740E /* AppDelegate.h */,
				4F79B9121C43DC2D0082740E /* AppDelegate.m */,
			);
			path = AppDelegate;
			sourceTree = "<group>";
		};
		4F79B9151C43DC2D0082740E /* Controllers */ = {
			isa = PBXGroup;
			children = (
				3082B99E1C48E37400C4925D /* EditProfileControllers */,
				304359051C479B2D007B6959 /* ProfileControllers */,
				30928DDF1C465B8000041847 /* RegisterControllers */,
				4F79B9161C43DC2D0082740E /* LoginController */,
				307DD90F1C44F65400F59857 /* MainPageController */,
			);
			path = Controllers;
			sourceTree = "<group>";
		};
		4F79B9161C43DC2D0082740E /* LoginController */ = {
			isa = PBXGroup;
			children = (
				30BBACE51C43ED14004F22D2 /* LoginCells */,
				4F79B9171C43DC2D0082740E /* LoginViewController.h */,
				4F79B9181C43DC2D0082740E /* LoginViewController.m */,
				4F79B9251C43DD130082740E /* LoginViewController.xib */,
			);
			path = LoginController;
			sourceTree = "<group>";
		};
		4F79B91A1C43DC2D0082740E /* Resources */ = {
			isa = PBXGroup;
			children = (
				4F79B91B1C43DC2D0082740E /* Assets.xcassets */,
			);
			path = Resources;
			sourceTree = "<group>";
		};
		4FA19BF61C46823C00140343 /* 3dPart */ = {
			isa = PBXGroup;
			children = (
				4FA19BF71C46828600140343 /* AFNetworking */,
			);
			path = 3dPart;
			sourceTree = "<group>";
		};
		4FA19BF71C46828600140343 /* AFNetworking */ = {
			isa = PBXGroup;
			children = (
				4FA19BF81C46828600140343 /* AFHTTPSessionManager.h */,
				4FA19BF91C46828600140343 /* AFHTTPSessionManager.m */,
				4FA19BFA1C46828600140343 /* AFNetworking.h */,
				4FA19BFB1C46828600140343 /* AFNetworkReachabilityManager.h */,
				4FA19BFC1C46828600140343 /* AFNetworkReachabilityManager.m */,
				4FA19BFD1C46828600140343 /* AFSecurityPolicy.h */,
				4FA19BFE1C46828600140343 /* AFSecurityPolicy.m */,
				4FA19BFF1C46828600140343 /* AFURLRequestSerialization.h */,
				4FA19C001C46828600140343 /* AFURLRequestSerialization.m */,
				4FA19C011C46828600140343 /* AFURLResponseSerialization.h */,
				4FA19C021C46828600140343 /* AFURLResponseSerialization.m */,
				4FA19C031C46828600140343 /* AFURLSessionManager.h */,
				4FA19C041C46828600140343 /* AFURLSessionManager.m */,
				4FA19C0B1C46829000140343 /* UIKit+AFNetworking */,
			);
			path = AFNetworking;
			sourceTree = "<group>";
		};
		4FA19C0B1C46829000140343 /* UIKit+AFNetworking */ = {
			isa = PBXGroup;
			children = (
				4FA19C0C1C46829000140343 /* AFAutoPurgingImageCache.h */,
				4FA19C0D1C46829000140343 /* AFAutoPurgingImageCache.m */,
				4FA19C0E1C46829000140343 /* AFImageDownloader.h */,
				4FA19C0F1C46829000140343 /* AFImageDownloader.m */,
				4FA19C101C46829000140343 /* AFNetworkActivityIndicatorManager.h */,
				4FA19C111C46829000140343 /* AFNetworkActivityIndicatorManager.m */,
				4FA19C121C46829000140343 /* UIActivityIndicatorView+AFNetworking.h */,
				4FA19C131C46829000140343 /* UIActivityIndicatorView+AFNetworking.m */,
				4FA19C141C46829000140343 /* UIButton+AFNetworking.h */,
				4FA19C151C46829000140343 /* UIButton+AFNetworking.m */,
				4FA19C161C46829000140343 /* UIImage+AFNetworking.h */,
				4FA19C171C46829000140343 /* UIImageView+AFNetworking.h */,
				4FA19C181C46829000140343 /* UIImageView+AFNetworking.m */,
				4FA19C191C46829000140343 /* UIKit+AFNetworking.h */,
				4FA19C1A1C46829000140343 /* UIProgressView+AFNetworking.h */,
				4FA19C1B1C46829000140343 /* UIProgressView+AFNetworking.m */,
				4FA19C1C1C46829000140343 /* UIRefreshControl+AFNetworking.h */,
				4FA19C1D1C46829000140343 /* UIRefreshControl+AFNetworking.m */,
				4FA19C1E1C46829000140343 /* UIWebView+AFNetworking.h */,
				4FA19C1F1C46829000140343 /* UIWebView+AFNetworking.m */,
			);
			path = "UIKit+AFNetworking";
			sourceTree = "<group>";
		};
		4FA19C291C46830600140343 /* APIClient */ = {
			isa = PBXGroup;
			children = (
				4FA19C2A1C46831C00140343 /* APIClient.h */,
				4FA19C2B1C46831C00140343 /* APIClient.m */,
				4FA19C2D1C46838800140343 /* APIClientConstants.h */,
			);
			path = APIClient;
			sourceTree = "<group>";
		};
/* End PBXGroup section */

/* Begin PBXNativeTarget section */
		4F79B8F31C43DA2A0082740E /* Bulletina */ = {
			isa = PBXNativeTarget;
			buildConfigurationList = 4F79B90B1C43DA2A0082740E /* Build configuration list for PBXNativeTarget "Bulletina" */;
			buildPhases = (
				4F79B8F01C43DA2A0082740E /* Sources */,
				4F79B8F11C43DA2A0082740E /* Frameworks */,
				4F79B8F21C43DA2A0082740E /* Resources */,
			);
			buildRules = (
			);
			dependencies = (
			);
			name = Bulletina;
			productName = Bulletina;
			productReference = 4F79B8F41C43DA2A0082740E /* Bulletina.app */;
			productType = "com.apple.product-type.application";
		};
/* End PBXNativeTarget section */

/* Begin PBXProject section */
		4F79B8EC1C43DA2A0082740E /* Project object */ = {
			isa = PBXProject;
			attributes = {
				LastUpgradeCheck = 0720;
				ORGANIZATIONNAME = AppMedia;
				TargetAttributes = {
					4F79B8F31C43DA2A0082740E = {
						CreatedOnToolsVersion = 7.2;
					};
				};
			};
			buildConfigurationList = 4F79B8EF1C43DA2A0082740E /* Build configuration list for PBXProject "Bulletina" */;
			compatibilityVersion = "Xcode 3.2";
			developmentRegion = English;
			hasScannedForEncodings = 0;
			knownRegions = (
				en,
				Base,
			);
			mainGroup = 4F79B8EB1C43DA2A0082740E;
			productRefGroup = 4F79B8F51C43DA2A0082740E /* Products */;
			projectDirPath = "";
			projectRoot = "";
			targets = (
				4F79B8F31C43DA2A0082740E /* Bulletina */,
			);
		};
/* End PBXProject section */

/* Begin PBXResourcesBuildPhase section */
		4F79B8F21C43DA2A0082740E /* Resources */ = {
			isa = PBXResourcesBuildPhase;
			buildActionMask = 2147483647;
			files = (
				30928DEC1C465BD600041847 /* BusinessRegisterTableViewController.xib in Resources */,
				307DD9201C44F93200F59857 /* ItemTableViewCell.xib in Resources */,
				3043591D1C479FBC007B6959 /* BusinessProfileLogoTableViewCell.xib in Resources */,
				30928E0F1C46683E00041847 /* RegisterTypeSelectViewController.xib in Resources */,
				3082B9B11C48F1B200C4925D /* IndividualProfileEditTableViewController.xib in Resources */,
				3043590E1C479F51007B6959 /* ProfileTableViewController.xib in Resources */,
				300CA1CD1C484D5700DA85CE /* ProfileButtonTableViewCell.xib in Resources */,
				307DD9141C44F68A00F59857 /* MainPageController.xib in Resources */,
				30928DFA1C465CBA00041847 /* ButtonTableViewCell.xib in Resources */,
				4F79B9231C43DC2D0082740E /* Assets.xcassets in Resources */,
				3082B9B61C48F1DE00C4925D /* BusinessProfileEditTableViewController.xib in Resources */,
				30BBAD041C43EF24004F22D2 /* LoginButtonTableViewCell.xib in Resources */,
				30928DFF1C465CCC00041847 /* AvatarTableViewCell.xib in Resources */,
				304359131C479F6F007B6959 /* ProfileDefaultTableViewCell.xib in Resources */,
				30BBACF11C43EE24004F22D2 /* TextFieldTableViewCell.xib in Resources */,
				30928DDD1C464F7200041847 /* IconCollectionViewCell.xib in Resources */,
				30928DD21C463CA100041847 /* CustomRefreshControlView.xib in Resources */,
				304359181C479F9C007B6959 /* IndividualProfileLogoTableViewCell.xib in Resources */,
				30928E041C465CDE00041847 /* BusinessLogoTableViewCell.xib in Resources */,
				30BBACEB1C43EDD4004F22D2 /* LogoTableViewCell.xib in Resources */,
				30928DE71C465BBC00041847 /* PersonalRegisterTableViewController.xib in Resources */,
				30928DF51C465CA700041847 /* InputTableViewCell.xib in Resources */,
				3082B9AA1C48F00A00C4925D /* EditProfileAboutTableViewCell.xib in Resources */,
				30BBACFA1C43EEF9004F22D2 /* TryBeforeTableViewCell.xib in Resources */,
				4F79B9261C43DD130082740E /* LoginViewController.xib in Resources */,
			);
			runOnlyForDeploymentPostprocessing = 0;
		};
/* End PBXResourcesBuildPhase section */

/* Begin PBXSourcesBuildPhase section */
		4F79B8F01C43DA2A0082740E /* Sources */ = {
			isa = PBXSourcesBuildPhase;
			buildActionMask = 2147483647;
			files = (
				30928DCD1C463B2400041847 /* BaseView.m in Sources */,
				4FA19C251C46829000140343 /* UIImageView+AFNetworking.m in Sources */,
				30928DFE1C465CCC00041847 /* AvatarTableViewCell.m in Sources */,
				30928E031C465CDE00041847 /* BusinessLogoTableViewCell.m in Sources */,
				30928DDC1C464F7200041847 /* IconCollectionViewCell.m in Sources */,
				30BBACE41C43EB4D004F22D2 /* BaseTableViewCell.m in Sources */,
				4FA19C241C46829000140343 /* UIButton+AFNetworking.m in Sources */,
				30928E0E1C46683E00041847 /* RegisterTypeSelectViewController.m in Sources */,
				4F637BFC1C46596F00DE7CCA /* Utils.m in Sources */,
				4FA19C071C46828600140343 /* AFSecurityPolicy.m in Sources */,
				4FA19C2C1C46831C00140343 /* APIClient.m in Sources */,
				30BBACEA1C43EDD4004F22D2 /* LogoTableViewCell.m in Sources */,
				4F637C001C4659A200DE7CCA /* UIColor+AppColor.m in Sources */,
				307DD91F1C44F93200F59857 /* ItemTableViewCell.m in Sources */,
				30928DF91C465CBA00041847 /* ButtonTableViewCell.m in Sources */,
				4FA19C221C46829000140343 /* AFNetworkActivityIndicatorManager.m in Sources */,
				4FA19C271C46829000140343 /* UIRefreshControl+AFNetworking.m in Sources */,
				3082B9A91C48F00A00C4925D /* EditProfileAboutTableViewCell.m in Sources */,
				4FA19C261C46829000140343 /* UIProgressView+AFNetworking.m in Sources */,
				307DD9131C44F68A00F59857 /* MainPageController.m in Sources */,
				4F79B9211C43DC2D0082740E /* main.m in Sources */,
				30BBACF01C43EE24004F22D2 /* TextFieldTableViewCell.m in Sources */,
				4FA19C051C46828600140343 /* AFHTTPSessionManager.m in Sources */,
				30928DEB1C465BD600041847 /* BusinessRegisterTableViewController.m in Sources */,
				3043590D1C479F51007B6959 /* ProfileTableViewController.m in Sources */,
				4F637BF61C464E2200DE7CCA /* TextInputNavigationCollection.m in Sources */,
				4FA19C211C46829000140343 /* AFImageDownloader.m in Sources */,
				4FA19C281C46829000140343 /* UIWebView+AFNetworking.m in Sources */,
				304359171C479F9C007B6959 /* IndividualProfileLogoTableViewCell.m in Sources */,
				4FA19C0A1C46828600140343 /* AFURLSessionManager.m in Sources */,
				3082B9B51C48F1DE00C4925D /* BusinessProfileEditTableViewController.m in Sources */,
				30928DF41C465CA700041847 /* InputTableViewCell.m in Sources */,
				4F79B91F1C43DC2D0082740E /* AppDelegate.m in Sources */,
				4FA19C201C46829000140343 /* AFAutoPurgingImageCache.m in Sources */,
				4FA19C091C46828600140343 /* AFURLResponseSerialization.m in Sources */,
				3043591C1C479FBC007B6959 /* BusinessProfileLogoTableViewCell.m in Sources */,
				4FA19C081C46828600140343 /* AFURLRequestSerialization.m in Sources */,
				30BBACF91C43EEF9004F22D2 /* TryBeforeTableViewCell.m in Sources */,
				30BBAD031C43EF24004F22D2 /* LoginButtonTableViewCell.m in Sources */,
				304359121C479F6F007B6959 /* ProfileDefaultTableViewCell.m in Sources */,
				4F79B9221C43DC2D0082740E /* LoginViewController.m in Sources */,
				30928DD01C463C9000041847 /* CustomRefreshControlView.m in Sources */,
				4FA19C061C46828600140343 /* AFNetworkReachabilityManager.m in Sources */,
				4FA19C231C46829000140343 /* UIActivityIndicatorView+AFNetworking.m in Sources */,
				30928DE61C465BBC00041847 /* PersonalRegisterTableViewController.m in Sources */,
				3082B9B01C48F1B200C4925D /* IndividualProfileEditTableViewController.m in Sources */,
				300CA1CC1C484D5700DA85CE /* ProfileButtonTableViewCell.m in Sources */,
			);
			runOnlyForDeploymentPostprocessing = 0;
		};
/* End PBXSourcesBuildPhase section */

/* Begin XCBuildConfiguration section */
		4F79B9091C43DA2A0082740E /* Debug */ = {
			isa = XCBuildConfiguration;
			buildSettings = {
				ALWAYS_SEARCH_USER_PATHS = NO;
				CLANG_CXX_LANGUAGE_STANDARD = "gnu++0x";
				CLANG_CXX_LIBRARY = "libc++";
				CLANG_ENABLE_MODULES = YES;
				CLANG_ENABLE_OBJC_ARC = YES;
				CLANG_WARN_BOOL_CONVERSION = YES;
				CLANG_WARN_CONSTANT_CONVERSION = YES;
				CLANG_WARN_DIRECT_OBJC_ISA_USAGE = YES_ERROR;
				CLANG_WARN_EMPTY_BODY = YES;
				CLANG_WARN_ENUM_CONVERSION = YES;
				CLANG_WARN_INT_CONVERSION = YES;
				CLANG_WARN_OBJC_ROOT_CLASS = YES_ERROR;
				CLANG_WARN_UNREACHABLE_CODE = YES;
				CLANG_WARN__DUPLICATE_METHOD_MATCH = YES;
				"CODE_SIGN_IDENTITY[sdk=iphoneos*]" = "iPhone Developer";
				COPY_PHASE_STRIP = NO;
				DEBUG_INFORMATION_FORMAT = dwarf;
				ENABLE_STRICT_OBJC_MSGSEND = YES;
				ENABLE_TESTABILITY = YES;
				GCC_C_LANGUAGE_STANDARD = gnu99;
				GCC_DYNAMIC_NO_PIC = NO;
				GCC_NO_COMMON_BLOCKS = YES;
				GCC_OPTIMIZATION_LEVEL = 0;
				GCC_PREPROCESSOR_DEFINITIONS = (
					"DEBUG=1",
					"$(inherited)",
				);
				GCC_WARN_64_TO_32_BIT_CONVERSION = YES;
				GCC_WARN_ABOUT_RETURN_TYPE = YES_ERROR;
				GCC_WARN_UNDECLARED_SELECTOR = YES;
				GCC_WARN_UNINITIALIZED_AUTOS = YES_AGGRESSIVE;
				GCC_WARN_UNUSED_FUNCTION = YES;
				GCC_WARN_UNUSED_VARIABLE = YES;
				IPHONEOS_DEPLOYMENT_TARGET = 9.2;
				MTL_ENABLE_DEBUG_INFO = YES;
				ONLY_ACTIVE_ARCH = YES;
				SDKROOT = iphoneos;
			};
			name = Debug;
		};
		4F79B90A1C43DA2A0082740E /* Release */ = {
			isa = XCBuildConfiguration;
			buildSettings = {
				ALWAYS_SEARCH_USER_PATHS = NO;
				CLANG_CXX_LANGUAGE_STANDARD = "gnu++0x";
				CLANG_CXX_LIBRARY = "libc++";
				CLANG_ENABLE_MODULES = YES;
				CLANG_ENABLE_OBJC_ARC = YES;
				CLANG_WARN_BOOL_CONVERSION = YES;
				CLANG_WARN_CONSTANT_CONVERSION = YES;
				CLANG_WARN_DIRECT_OBJC_ISA_USAGE = YES_ERROR;
				CLANG_WARN_EMPTY_BODY = YES;
				CLANG_WARN_ENUM_CONVERSION = YES;
				CLANG_WARN_INT_CONVERSION = YES;
				CLANG_WARN_OBJC_ROOT_CLASS = YES_ERROR;
				CLANG_WARN_UNREACHABLE_CODE = YES;
				CLANG_WARN__DUPLICATE_METHOD_MATCH = YES;
				"CODE_SIGN_IDENTITY[sdk=iphoneos*]" = "iPhone Developer";
				COPY_PHASE_STRIP = NO;
				DEBUG_INFORMATION_FORMAT = "dwarf-with-dsym";
				ENABLE_NS_ASSERTIONS = NO;
				ENABLE_STRICT_OBJC_MSGSEND = YES;
				GCC_C_LANGUAGE_STANDARD = gnu99;
				GCC_NO_COMMON_BLOCKS = YES;
				GCC_WARN_64_TO_32_BIT_CONVERSION = YES;
				GCC_WARN_ABOUT_RETURN_TYPE = YES_ERROR;
				GCC_WARN_UNDECLARED_SELECTOR = YES;
				GCC_WARN_UNINITIALIZED_AUTOS = YES_AGGRESSIVE;
				GCC_WARN_UNUSED_FUNCTION = YES;
				GCC_WARN_UNUSED_VARIABLE = YES;
				IPHONEOS_DEPLOYMENT_TARGET = 9.2;
				MTL_ENABLE_DEBUG_INFO = NO;
				SDKROOT = iphoneos;
				VALIDATE_PRODUCT = YES;
			};
			name = Release;
		};
		4F79B90C1C43DA2A0082740E /* Debug */ = {
			isa = XCBuildConfiguration;
			buildSettings = {
				ASSETCATALOG_COMPILER_APPICON_NAME = AppIcon;
				ASSETCATALOG_COMPILER_LAUNCHIMAGE_NAME = LaunchImage;
				GCC_PRECOMPILE_PREFIX_HEADER = YES;
				GCC_PREFIX_HEADER = Bulletina/Application/PrefixHeader.pch;
				INFOPLIST_FILE = Bulletina/Application/Info.plist;
				IPHONEOS_DEPLOYMENT_TARGET = 8.0;
				LD_RUNPATH_SEARCH_PATHS = "$(inherited) @executable_path/Frameworks";
				PRODUCT_BUNDLE_IDENTIFIER = com.AppMedia.Bulletina;
				PRODUCT_NAME = "$(TARGET_NAME)";
				TARGETED_DEVICE_FAMILY = "1,2";
			};
			name = Debug;
		};
		4F79B90D1C43DA2A0082740E /* Release */ = {
			isa = XCBuildConfiguration;
			buildSettings = {
				ASSETCATALOG_COMPILER_APPICON_NAME = AppIcon;
				ASSETCATALOG_COMPILER_LAUNCHIMAGE_NAME = LaunchImage;
				GCC_PRECOMPILE_PREFIX_HEADER = YES;
				GCC_PREFIX_HEADER = Bulletina/Application/PrefixHeader.pch;
				INFOPLIST_FILE = Bulletina/Application/Info.plist;
				IPHONEOS_DEPLOYMENT_TARGET = 8.0;
				LD_RUNPATH_SEARCH_PATHS = "$(inherited) @executable_path/Frameworks";
				PRODUCT_BUNDLE_IDENTIFIER = com.AppMedia.Bulletina;
				PRODUCT_NAME = "$(TARGET_NAME)";
				TARGETED_DEVICE_FAMILY = "1,2";
			};
			name = Release;
		};
/* End XCBuildConfiguration section */

/* Begin XCConfigurationList section */
		4F79B8EF1C43DA2A0082740E /* Build configuration list for PBXProject "Bulletina" */ = {
			isa = XCConfigurationList;
			buildConfigurations = (
				4F79B9091C43DA2A0082740E /* Debug */,
				4F79B90A1C43DA2A0082740E /* Release */,
			);
			defaultConfigurationIsVisible = 0;
			defaultConfigurationName = Release;
		};
		4F79B90B1C43DA2A0082740E /* Build configuration list for PBXNativeTarget "Bulletina" */ = {
			isa = XCConfigurationList;
			buildConfigurations = (
				4F79B90C1C43DA2A0082740E /* Debug */,
				4F79B90D1C43DA2A0082740E /* Release */,
			);
			defaultConfigurationIsVisible = 0;
			defaultConfigurationName = Release;
		};
/* End XCConfigurationList section */
	};
	rootObject = 4F79B8EC1C43DA2A0082740E /* Project object */;
}
